// !$*UTF8*$!
{
	archiveVersion = 1;
	classes = {
	};
	objectVersion = 46;
	objects = {

/* Begin PBXBuildFile section */
		1D630D2FD3E2F527A7747C00 /* ofxToggle.cpp in Sources */ = {isa = PBXBuildFile; fileRef = 021E44C1F2F225C5628E57F3 /* ofxToggle.cpp */; };
		258DE4FE0E17A691B1ECAB06 /* ofxBaseGui.cpp in Sources */ = {isa = PBXBuildFile; fileRef = FC80D589B227489C925F6EB4 /* ofxBaseGui.cpp */; };
		31D4524A8044C19E938536A9 /* tinyxmlparser.cpp in Sources */ = {isa = PBXBuildFile; fileRef = E154D8D87EFD008B2914EA95 /* tinyxmlparser.cpp */; };
		3D5B05390E4B441DBA465D48 /* ofxSlider.cpp in Sources */ = {isa = PBXBuildFile; fileRef = 512F85418609E67CFED65748 /* ofxSlider.cpp */; };
		3E14BA3DC838290F2C4BEEA8 /* ofxAssimpTexture.cpp in Sources */ = {isa = PBXBuildFile; fileRef = 6AB87434F361927AEEEAB6F1 /* ofxAssimpTexture.cpp */; };
		410C403F19E686DB0090A159 /* Skull.cpp in Sources */ = {isa = PBXBuildFile; fileRef = 410C403D19E686DB0090A159 /* Skull.cpp */; };
		410C404319E687230090A159 /* RectsScene.cpp in Sources */ = {isa = PBXBuildFile; fileRef = 410C404119E687230090A159 /* RectsScene.cpp */; };
		411A2C6419E7D36F005CC5F5 /* Rectangle.cpp in Sources */ = {isa = PBXBuildFile; fileRef = 411A2C6219E7D36F005CC5F5 /* Rectangle.cpp */; };
		4120366E19E0844C0091CE01 /* AudioManager.cpp in Sources */ = {isa = PBXBuildFile; fileRef = 4120366219E0844C0091CE01 /* AudioManager.cpp */; };
		4120366F19E0844C0091CE01 /* AbstractScene.cpp in Sources */ = {isa = PBXBuildFile; fileRef = 4120366719E0844C0091CE01 /* AbstractScene.cpp */; };
		4120367019E0844C0091CE01 /* SceneManager.cpp in Sources */ = {isa = PBXBuildFile; fileRef = 4120366919E0844C0091CE01 /* SceneManager.cpp */; };
		4120367119E0844C0091CE01 /* Drag.cpp in Sources */ = {isa = PBXBuildFile; fileRef = 4120366C19E0844C0091CE01 /* Drag.cpp */; };
		4120367219E084720091CE01 /* fft.cpp in Sources */ = {isa = PBXBuildFile; fileRef = 412035A719E05AFB0091CE01 /* fft.cpp */; };
		4120367319E084720091CE01 /* fft.h in Sources */ = {isa = PBXBuildFile; fileRef = 412035A819E05AFB0091CE01 /* fft.h */; };
		4120367419E084720091CE01 /* ofxFFTBase.cpp in Sources */ = {isa = PBXBuildFile; fileRef = 412035AC19E05AFB0091CE01 /* ofxFFTBase.cpp */; };
		4120367519E084720091CE01 /* ofxFFTBase.h in Sources */ = {isa = PBXBuildFile; fileRef = 412035AD19E05AFB0091CE01 /* ofxFFTBase.h */; };
		4120367619E084720091CE01 /* ofxFFTFile.cpp in Sources */ = {isa = PBXBuildFile; fileRef = 412035AE19E05AFB0091CE01 /* ofxFFTFile.cpp */; };
		4120367719E084720091CE01 /* ofxFFTFile.h in Sources */ = {isa = PBXBuildFile; fileRef = 412035AF19E05AFB0091CE01 /* ofxFFTFile.h */; };
		4120367819E084720091CE01 /* ofxFFTLive.cpp in Sources */ = {isa = PBXBuildFile; fileRef = 412035B019E05AFB0091CE01 /* ofxFFTLive.cpp */; };
		4120367919E084720091CE01 /* ofxFFTLive.h in Sources */ = {isa = PBXBuildFile; fileRef = 412035B119E05AFB0091CE01 /* ofxFFTLive.h */; };
		4120367D19E1404C0091CE01 /* ExampleScene.cpp in Sources */ = {isa = PBXBuildFile; fileRef = 4120367B19E1404C0091CE01 /* ExampleScene.cpp */; };
		4120368319E141200091CE01 /* ofxTimer.cpp in Sources */ = {isa = PBXBuildFile; fileRef = 4120368119E141070091CE01 /* ofxTimer.cpp */; };
		4120368419E141200091CE01 /* ofxTimer.h in Sources */ = {isa = PBXBuildFile; fileRef = 4120368219E141070091CE01 /* ofxTimer.h */; };
		41463D3719E3315C008922D7 /* ofxTweenzor.h in Sources */ = {isa = PBXBuildFile; fileRef = 41463D0619E3314C008922D7 /* ofxTweenzor.h */; };
		41463D3819E3315C008922D7 /* Tween.cpp in Sources */ = {isa = PBXBuildFile; fileRef = 41463D0719E3314C008922D7 /* Tween.cpp */; };
		41463D3919E3315C008922D7 /* Tween.h in Sources */ = {isa = PBXBuildFile; fileRef = 41463D0819E3314C008922D7 /* Tween.h */; };
		41463D3A19E3315C008922D7 /* TweenEvent.h in Sources */ = {isa = PBXBuildFile; fileRef = 41463D0919E3314C008922D7 /* TweenEvent.h */; };
		41463D3B19E3315C008922D7 /* TweenFunctions.h in Sources */ = {isa = PBXBuildFile; fileRef = 41463D0A19E3314C008922D7 /* TweenFunctions.h */; };
		41463D3C19E3315C008922D7 /* TweenSelector.h in Sources */ = {isa = PBXBuildFile; fileRef = 41463D0B19E3314C008922D7 /* TweenSelector.h */; };
		41463D3D19E3315C008922D7 /* Tweenzor.cpp in Sources */ = {isa = PBXBuildFile; fileRef = 41463D0C19E3314C008922D7 /* Tweenzor.cpp */; };
		41463D3E19E3315C008922D7 /* Tweenzor.h in Sources */ = {isa = PBXBuildFile; fileRef = 41463D0D19E3314C008922D7 /* Tweenzor.h */; };
		41BD248019E1ACFB00DA71F6 /* CirclesScene.cpp in Sources */ = {isa = PBXBuildFile; fileRef = 41BD247E19E1ACFB00DA71F6 /* CirclesScene.cpp */; };
		41BD248A19E1AE4D00DA71F6 /* Circle.cpp in Sources */ = {isa = PBXBuildFile; fileRef = 41BD248819E1AE4D00DA71F6 /* Circle.cpp */; };
		47394C682F897B265693B298 /* ofxSliderGroup.cpp in Sources */ = {isa = PBXBuildFile; fileRef = F689F55F2F059DD1E8C3BE6B /* ofxSliderGroup.cpp */; };
		7D38DC8021C7B4DAF7A69C2D /* ofxButton.cpp in Sources */ = {isa = PBXBuildFile; fileRef = AFF3F06FBE6B0D7CEDDE8FE5 /* ofxButton.cpp */; };
		92341401421A0B920082DDBD /* ofxGuiGroup.cpp in Sources */ = {isa = PBXBuildFile; fileRef = CF0C9CB00961FB5339CA25E1 /* ofxGuiGroup.cpp */; };
		99BF0BF404711D5F425D05CC /* ofxAssimpModelLoader.cpp in Sources */ = {isa = PBXBuildFile; fileRef = 4EA376CBE9D34280DBD85E02 /* ofxAssimpModelLoader.cpp */; };
		BBAB23CB13894F3D00AA2426 /* GLUT.framework in CopyFiles */ = {isa = PBXBuildFile; fileRef = BBAB23BE13894E4700AA2426 /* GLUT.framework */; };
		CF008F95E5B30830F06338DE /* tinyxml.cpp in Sources */ = {isa = PBXBuildFile; fileRef = CA31C18040783961162CEA09 /* tinyxml.cpp */; };
		D41B21C1AB6D1BBB8EF5A522 /* ofxPanel.cpp in Sources */ = {isa = PBXBuildFile; fileRef = 0F8138DA6AF657A161D95584 /* ofxPanel.cpp */; };
		DB46F954E2510AEEDA6DE642 /* ofxXmlSettings.cpp in Sources */ = {isa = PBXBuildFile; fileRef = 96C5D8C52D46F70021F2BE58 /* ofxXmlSettings.cpp */; };
		DC1DA301F2B134C4F57092C1 /* ofxAssimpMeshHelper.cpp in Sources */ = {isa = PBXBuildFile; fileRef = B598733C0F5A8A79D5607197 /* ofxAssimpMeshHelper.cpp */; };
		E4328149138ABC9F0047C5CB /* openFrameworksDebug.a in Frameworks */ = {isa = PBXBuildFile; fileRef = E4328148138ABC890047C5CB /* openFrameworksDebug.a */; };
		E45BE97B0E8CC7DD009D7055 /* AGL.framework in Frameworks */ = {isa = PBXBuildFile; fileRef = E45BE9710E8CC7DD009D7055 /* AGL.framework */; };
		E45BE97C0E8CC7DD009D7055 /* ApplicationServices.framework in Frameworks */ = {isa = PBXBuildFile; fileRef = E45BE9720E8CC7DD009D7055 /* ApplicationServices.framework */; };
		E45BE97D0E8CC7DD009D7055 /* AudioToolbox.framework in Frameworks */ = {isa = PBXBuildFile; fileRef = E45BE9730E8CC7DD009D7055 /* AudioToolbox.framework */; };
		E45BE97F0E8CC7DD009D7055 /* CoreAudio.framework in Frameworks */ = {isa = PBXBuildFile; fileRef = E45BE9750E8CC7DD009D7055 /* CoreAudio.framework */; };
		E45BE9800E8CC7DD009D7055 /* CoreFoundation.framework in Frameworks */ = {isa = PBXBuildFile; fileRef = E45BE9760E8CC7DD009D7055 /* CoreFoundation.framework */; };
		E45BE9810E8CC7DD009D7055 /* CoreServices.framework in Frameworks */ = {isa = PBXBuildFile; fileRef = E45BE9770E8CC7DD009D7055 /* CoreServices.framework */; };
		E45BE9830E8CC7DD009D7055 /* OpenGL.framework in Frameworks */ = {isa = PBXBuildFile; fileRef = E45BE9790E8CC7DD009D7055 /* OpenGL.framework */; };
		E45BE9840E8CC7DD009D7055 /* QuickTime.framework in Frameworks */ = {isa = PBXBuildFile; fileRef = E45BE97A0E8CC7DD009D7055 /* QuickTime.framework */; };
		E4B69E200A3A1BDC003C02F2 /* main.cpp in Sources */ = {isa = PBXBuildFile; fileRef = E4B69E1D0A3A1BDC003C02F2 /* main.cpp */; };
		E4B69E210A3A1BDC003C02F2 /* ofApp.cpp in Sources */ = {isa = PBXBuildFile; fileRef = E4B69E1E0A3A1BDC003C02F2 /* ofApp.cpp */; };
		E4C2424710CC5A17004149E2 /* AppKit.framework in Frameworks */ = {isa = PBXBuildFile; fileRef = E4C2424410CC5A17004149E2 /* AppKit.framework */; };
		E4C2424810CC5A17004149E2 /* Cocoa.framework in Frameworks */ = {isa = PBXBuildFile; fileRef = E4C2424510CC5A17004149E2 /* Cocoa.framework */; };
		E4C2424910CC5A17004149E2 /* IOKit.framework in Frameworks */ = {isa = PBXBuildFile; fileRef = E4C2424610CC5A17004149E2 /* IOKit.framework */; };
		E4EB6799138ADC1D00A09F29 /* GLUT.framework in Frameworks */ = {isa = PBXBuildFile; fileRef = BBAB23BE13894E4700AA2426 /* GLUT.framework */; };
		E7AC2657E8C96AAAEE1D9B19 /* ofxLabel.cpp in Sources */ = {isa = PBXBuildFile; fileRef = A2275C1E76C24434AB3838BC /* ofxLabel.cpp */; };
		E7E077E515D3B63C0020DFD4 /* CoreVideo.framework in Frameworks */ = {isa = PBXBuildFile; fileRef = E7E077E415D3B63C0020DFD4 /* CoreVideo.framework */; };
		E7E077E815D3B6510020DFD4 /* QTKit.framework in Frameworks */ = {isa = PBXBuildFile; fileRef = E7E077E715D3B6510020DFD4 /* QTKit.framework */; };
		E7F985F815E0DEA3003869B5 /* Accelerate.framework in Frameworks */ = {isa = PBXBuildFile; fileRef = E7F985F515E0DE99003869B5 /* Accelerate.framework */; };
		EFB415D1A996754FC7BA41E4 /* ofxAssimpAnimation.cpp in Sources */ = {isa = PBXBuildFile; fileRef = 39736609DC123C429192B272 /* ofxAssimpAnimation.cpp */; };
		F66D086234C57E4720DA19FF /* tinyxmlerror.cpp in Sources */ = {isa = PBXBuildFile; fileRef = A34F1EF653F523114262D2B4 /* tinyxmlerror.cpp */; };
/* End PBXBuildFile section */

/* Begin PBXContainerItemProxy section */
		E4328147138ABC890047C5CB /* PBXContainerItemProxy */ = {
			isa = PBXContainerItemProxy;
			containerPortal = E4328143138ABC890047C5CB /* openFrameworksLib.xcodeproj */;
			proxyType = 2;
			remoteGlobalIDString = E4B27C1510CBEB8E00536013;
			remoteInfo = openFrameworks;
		};
		E4EEB9AB138B136A00A80321 /* PBXContainerItemProxy */ = {
			isa = PBXContainerItemProxy;
			containerPortal = E4328143138ABC890047C5CB /* openFrameworksLib.xcodeproj */;
			proxyType = 1;
			remoteGlobalIDString = E4B27C1410CBEB8E00536013;
			remoteInfo = openFrameworks;
		};
/* End PBXContainerItemProxy section */

/* Begin PBXCopyFilesBuildPhase section */
		E4C2427710CC5ABF004149E2 /* CopyFiles */ = {
			isa = PBXCopyFilesBuildPhase;
			buildActionMask = 2147483647;
			dstPath = "";
			dstSubfolderSpec = 10;
			files = (
				BBAB23CB13894F3D00AA2426 /* GLUT.framework in CopyFiles */,
			);
			runOnlyForDeploymentPostprocessing = 0;
		};
/* End PBXCopyFilesBuildPhase section */

/* Begin PBXFileReference section */
		00F346BB93BF8576690D80F6 /* tinyxml.h */ = {isa = PBXFileReference; explicitFileType = sourcecode.c.h; fileEncoding = 30; name = tinyxml.h; path = ../../../of_v0.8.4_osx_release/addons/ofxXmlSettings/libs/tinyxml.h; sourceTree = SOURCE_ROOT; };
		021E44C1F2F225C5628E57F3 /* ofxToggle.cpp */ = {isa = PBXFileReference; explicitFileType = sourcecode.cpp.cpp; fileEncoding = 30; name = ofxToggle.cpp; path = ../../../of_v0.8.4_osx_release/addons/ofxGui/src/ofxToggle.cpp; sourceTree = SOURCE_ROOT; };
		0939F2BE63A39C87789FACF5 /* ofxGuiGroup.h */ = {isa = PBXFileReference; explicitFileType = sourcecode.c.h; fileEncoding = 30; name = ofxGuiGroup.h; path = ../../../of_v0.8.4_osx_release/addons/ofxGui/src/ofxGuiGroup.h; sourceTree = SOURCE_ROOT; };
		0B55B51A3BFF1DF2F550EA6B /* ofxAssimpAnimation.h */ = {isa = PBXFileReference; explicitFileType = sourcecode.c.h; fileEncoding = 30; name = ofxAssimpAnimation.h; path = ../../../of_v0.8.4_osx_release/addons/ofxAssimpModelLoader/src/ofxAssimpAnimation.h; sourceTree = SOURCE_ROOT; };
		0C09313AD58E6B27381B9951 /* ofxBaseGui.h */ = {isa = PBXFileReference; explicitFileType = sourcecode.c.h; fileEncoding = 30; name = ofxBaseGui.h; path = ../../../of_v0.8.4_osx_release/addons/ofxGui/src/ofxBaseGui.h; sourceTree = SOURCE_ROOT; };
		0F8138DA6AF657A161D95584 /* ofxPanel.cpp */ = {isa = PBXFileReference; explicitFileType = sourcecode.cpp.cpp; fileEncoding = 30; name = ofxPanel.cpp; path = ../../../of_v0.8.4_osx_release/addons/ofxGui/src/ofxPanel.cpp; sourceTree = SOURCE_ROOT; };
		1F13F500CCD712F55D2D7394 /* IOSystem.h */ = {isa = PBXFileReference; explicitFileType = sourcecode.c.h; fileEncoding = 30; name = IOSystem.h; path = ../../../of_v0.8.4_osx_release/addons/ofxAssimpModelLoader/libs/assimp/include/IOSystem.h; sourceTree = SOURCE_ROOT; };
		23A72892A9A51350F2B9CEEE /* aiFileIO.h */ = {isa = PBXFileReference; explicitFileType = sourcecode.c.h; fileEncoding = 30; name = aiFileIO.h; path = ../../../of_v0.8.4_osx_release/addons/ofxAssimpModelLoader/libs/assimp/include/aiFileIO.h; sourceTree = SOURCE_ROOT; };
		26BBC6AA2020A84E26F0C96D /* LogStream.h */ = {isa = PBXFileReference; explicitFileType = sourcecode.c.h; fileEncoding = 30; name = LogStream.h; path = ../../../of_v0.8.4_osx_release/addons/ofxAssimpModelLoader/libs/assimp/include/LogStream.h; sourceTree = SOURCE_ROOT; };
		2C847770D1043E76AC2B3C94 /* ofxAssimpTexture.h */ = {isa = PBXFileReference; explicitFileType = sourcecode.c.h; fileEncoding = 30; name = ofxAssimpTexture.h; path = ../../../of_v0.8.4_osx_release/addons/ofxAssimpModelLoader/src/ofxAssimpTexture.h; sourceTree = SOURCE_ROOT; };
		2E0ADB564B92054E75F49595 /* ofxAssimpUtils.h */ = {isa = PBXFileReference; explicitFileType = sourcecode.c.h; fileEncoding = 30; name = ofxAssimpUtils.h; path = ../../../of_v0.8.4_osx_release/addons/ofxAssimpModelLoader/src/ofxAssimpUtils.h; sourceTree = SOURCE_ROOT; };
		308A90B845A03EBCCD2D71C3 /* pushpack1.h */ = {isa = PBXFileReference; explicitFileType = sourcecode.c.h; fileEncoding = 30; name = pushpack1.h; path = ../../../of_v0.8.4_osx_release/addons/ofxAssimpModelLoader/libs/assimp/include/Compiler/pushpack1.h; sourceTree = SOURCE_ROOT; };
		384B8B006BD4952593CF2F83 /* aiConfig.h */ = {isa = PBXFileReference; explicitFileType = sourcecode.c.h; fileEncoding = 30; name = aiConfig.h; path = ../../../of_v0.8.4_osx_release/addons/ofxAssimpModelLoader/libs/assimp/include/aiConfig.h; sourceTree = SOURCE_ROOT; };
		38FE0AA3F9B9321507830ADA /* IOStream.h */ = {isa = PBXFileReference; explicitFileType = sourcecode.c.h; fileEncoding = 30; name = IOStream.h; path = ../../../of_v0.8.4_osx_release/addons/ofxAssimpModelLoader/libs/assimp/include/IOStream.h; sourceTree = SOURCE_ROOT; };
		39736609DC123C429192B272 /* ofxAssimpAnimation.cpp */ = {isa = PBXFileReference; explicitFileType = sourcecode.cpp.cpp; fileEncoding = 30; name = ofxAssimpAnimation.cpp; path = ../../../of_v0.8.4_osx_release/addons/ofxAssimpModelLoader/src/ofxAssimpAnimation.cpp; sourceTree = SOURCE_ROOT; };
		410C403D19E686DB0090A159 /* Skull.cpp */ = {isa = PBXFileReference; fileEncoding = 4; lastKnownFileType = sourcecode.cpp.cpp; path = Skull.cpp; sourceTree = "<group>"; };
		410C403E19E686DB0090A159 /* Skull.h */ = {isa = PBXFileReference; fileEncoding = 4; lastKnownFileType = sourcecode.c.h; path = Skull.h; sourceTree = "<group>"; };
		410C404119E687230090A159 /* RectsScene.cpp */ = {isa = PBXFileReference; fileEncoding = 4; lastKnownFileType = sourcecode.cpp.cpp; name = RectsScene.cpp; path = rects/RectsScene.cpp; sourceTree = "<group>"; };
		410C404219E687230090A159 /* RectsScene.h */ = {isa = PBXFileReference; fileEncoding = 4; lastKnownFileType = sourcecode.c.h; name = RectsScene.h; path = rects/RectsScene.h; sourceTree = "<group>"; };
		411A2C6219E7D36F005CC5F5 /* Rectangle.cpp */ = {isa = PBXFileReference; fileEncoding = 4; lastKnownFileType = sourcecode.cpp.cpp; name = Rectangle.cpp; path = rects/Rectangle.cpp; sourceTree = "<group>"; };
		411A2C6319E7D36F005CC5F5 /* Rectangle.h */ = {isa = PBXFileReference; fileEncoding = 4; lastKnownFileType = sourcecode.c.h; name = Rectangle.h; path = rects/Rectangle.h; sourceTree = "<group>"; };
		412035A719E05AFB0091CE01 /* fft.cpp */ = {isa = PBXFileReference; lastKnownFileType = sourcecode.cpp.cpp; path = fft.cpp; sourceTree = "<group>"; };
		412035A819E05AFB0091CE01 /* fft.h */ = {isa = PBXFileReference; lastKnownFileType = sourcecode.c.h; path = fft.h; sourceTree = "<group>"; };
		412035AC19E05AFB0091CE01 /* ofxFFTBase.cpp */ = {isa = PBXFileReference; lastKnownFileType = sourcecode.cpp.cpp; path = ofxFFTBase.cpp; sourceTree = "<group>"; };
		412035AD19E05AFB0091CE01 /* ofxFFTBase.h */ = {isa = PBXFileReference; lastKnownFileType = sourcecode.c.h; path = ofxFFTBase.h; sourceTree = "<group>"; };
		412035AE19E05AFB0091CE01 /* ofxFFTFile.cpp */ = {isa = PBXFileReference; lastKnownFileType = sourcecode.cpp.cpp; path = ofxFFTFile.cpp; sourceTree = "<group>"; };
		412035AF19E05AFB0091CE01 /* ofxFFTFile.h */ = {isa = PBXFileReference; lastKnownFileType = sourcecode.c.h; path = ofxFFTFile.h; sourceTree = "<group>"; };
		412035B019E05AFB0091CE01 /* ofxFFTLive.cpp */ = {isa = PBXFileReference; lastKnownFileType = sourcecode.cpp.cpp; path = ofxFFTLive.cpp; sourceTree = "<group>"; };
		412035B119E05AFB0091CE01 /* ofxFFTLive.h */ = {isa = PBXFileReference; lastKnownFileType = sourcecode.c.h; path = ofxFFTLive.h; sourceTree = "<group>"; };
		4120366219E0844C0091CE01 /* AudioManager.cpp */ = {isa = PBXFileReference; fileEncoding = 4; lastKnownFileType = sourcecode.cpp.cpp; path = AudioManager.cpp; sourceTree = "<group>"; };
		4120366319E0844C0091CE01 /* AudioManager.h */ = {isa = PBXFileReference; fileEncoding = 4; lastKnownFileType = sourcecode.c.h; path = AudioManager.h; sourceTree = "<group>"; };
		4120366419E0844C0091CE01 /* ofAppDefines.h */ = {isa = PBXFileReference; fileEncoding = 4; lastKnownFileType = sourcecode.c.h; path = ofAppDefines.h; sourceTree = "<group>"; };
		4120366719E0844C0091CE01 /* AbstractScene.cpp */ = {isa = PBXFileReference; fileEncoding = 4; lastKnownFileType = sourcecode.cpp.cpp; path = AbstractScene.cpp; sourceTree = "<group>"; };
		4120366819E0844C0091CE01 /* AbstractScene.h */ = {isa = PBXFileReference; fileEncoding = 4; lastKnownFileType = sourcecode.c.h; path = AbstractScene.h; sourceTree = "<group>"; };
		4120366919E0844C0091CE01 /* SceneManager.cpp */ = {isa = PBXFileReference; fileEncoding = 4; lastKnownFileType = sourcecode.cpp.cpp; path = SceneManager.cpp; sourceTree = "<group>"; };
		4120366A19E0844C0091CE01 /* SceneManager.h */ = {isa = PBXFileReference; fileEncoding = 4; lastKnownFileType = sourcecode.c.h; path = SceneManager.h; sourceTree = "<group>"; };
		4120366C19E0844C0091CE01 /* Drag.cpp */ = {isa = PBXFileReference; fileEncoding = 4; lastKnownFileType = sourcecode.cpp.cpp; path = Drag.cpp; sourceTree = "<group>"; };
		4120366D19E0844C0091CE01 /* Drag.h */ = {isa = PBXFileReference; fileEncoding = 4; lastKnownFileType = sourcecode.c.h; path = Drag.h; sourceTree = "<group>"; };
		4120367B19E1404C0091CE01 /* ExampleScene.cpp */ = {isa = PBXFileReference; fileEncoding = 4; lastKnownFileType = sourcecode.cpp.cpp; path = ExampleScene.cpp; sourceTree = "<group>"; };
		4120367C19E1404C0091CE01 /* ExampleScene.h */ = {isa = PBXFileReference; fileEncoding = 4; lastKnownFileType = sourcecode.c.h; path = ExampleScene.h; sourceTree = "<group>"; };
		4120368119E141070091CE01 /* ofxTimer.cpp */ = {isa = PBXFileReference; lastKnownFileType = sourcecode.cpp.cpp; path = ofxTimer.cpp; sourceTree = "<group>"; };
		4120368219E141070091CE01 /* ofxTimer.h */ = {isa = PBXFileReference; lastKnownFileType = sourcecode.c.h; path = ofxTimer.h; sourceTree = "<group>"; };
		41463D0619E3314C008922D7 /* ofxTweenzor.h */ = {isa = PBXFileReference; lastKnownFileType = sourcecode.c.h; path = ofxTweenzor.h; sourceTree = "<group>"; };
		41463D0719E3314C008922D7 /* Tween.cpp */ = {isa = PBXFileReference; lastKnownFileType = sourcecode.cpp.cpp; path = Tween.cpp; sourceTree = "<group>"; };
		41463D0819E3314C008922D7 /* Tween.h */ = {isa = PBXFileReference; lastKnownFileType = sourcecode.c.h; path = Tween.h; sourceTree = "<group>"; };
		41463D0919E3314C008922D7 /* TweenEvent.h */ = {isa = PBXFileReference; lastKnownFileType = sourcecode.c.h; path = TweenEvent.h; sourceTree = "<group>"; };
		41463D0A19E3314C008922D7 /* TweenFunctions.h */ = {isa = PBXFileReference; lastKnownFileType = sourcecode.c.h; path = TweenFunctions.h; sourceTree = "<group>"; };
		41463D0B19E3314C008922D7 /* TweenSelector.h */ = {isa = PBXFileReference; lastKnownFileType = sourcecode.c.h; path = TweenSelector.h; sourceTree = "<group>"; };
		41463D0C19E3314C008922D7 /* Tweenzor.cpp */ = {isa = PBXFileReference; lastKnownFileType = sourcecode.cpp.cpp; path = Tweenzor.cpp; sourceTree = "<group>"; };
		41463D0D19E3314C008922D7 /* Tweenzor.h */ = {isa = PBXFileReference; lastKnownFileType = sourcecode.c.h; path = Tweenzor.h; sourceTree = "<group>"; };
		41BD247E19E1ACFB00DA71F6 /* CirclesScene.cpp */ = {isa = PBXFileReference; fileEncoding = 4; lastKnownFileType = sourcecode.cpp.cpp; name = CirclesScene.cpp; path = circles/CirclesScene.cpp; sourceTree = "<group>"; };
		41BD247F19E1ACFB00DA71F6 /* CirclesScene.h */ = {isa = PBXFileReference; fileEncoding = 4; lastKnownFileType = sourcecode.c.h; name = CirclesScene.h; path = circles/CirclesScene.h; sourceTree = "<group>"; };
		41BD248819E1AE4D00DA71F6 /* Circle.cpp */ = {isa = PBXFileReference; fileEncoding = 4; lastKnownFileType = sourcecode.cpp.cpp; name = Circle.cpp; path = circles/Circle.cpp; sourceTree = "<group>"; };
		41BD248919E1AE4D00DA71F6 /* Circle.h */ = {isa = PBXFileReference; fileEncoding = 4; lastKnownFileType = sourcecode.c.h; name = Circle.h; path = circles/Circle.h; sourceTree = "<group>"; };
		4A44D4483E4370AF91480DFC /* aiScene.h */ = {isa = PBXFileReference; explicitFileType = sourcecode.c.h; fileEncoding = 30; name = aiScene.h; path = ../../../of_v0.8.4_osx_release/addons/ofxAssimpModelLoader/libs/assimp/include/aiScene.h; sourceTree = SOURCE_ROOT; };
		4CB11A8DD9233C659BE9FBCD /* ofxAssimpModelLoader.h */ = {isa = PBXFileReference; explicitFileType = sourcecode.c.h; fileEncoding = 30; name = ofxAssimpModelLoader.h; path = ../../../of_v0.8.4_osx_release/addons/ofxAssimpModelLoader/src/ofxAssimpModelLoader.h; sourceTree = SOURCE_ROOT; };
		4EA376CBE9D34280DBD85E02 /* ofxAssimpModelLoader.cpp */ = {isa = PBXFileReference; explicitFileType = sourcecode.cpp.cpp; fileEncoding = 30; name = ofxAssimpModelLoader.cpp; path = ../../../of_v0.8.4_osx_release/addons/ofxAssimpModelLoader/src/ofxAssimpModelLoader.cpp; sourceTree = SOURCE_ROOT; };
		512F85418609E67CFED65748 /* ofxSlider.cpp */ = {isa = PBXFileReference; explicitFileType = sourcecode.cpp.cpp; fileEncoding = 30; name = ofxSlider.cpp; path = ../../../of_v0.8.4_osx_release/addons/ofxGui/src/ofxSlider.cpp; sourceTree = SOURCE_ROOT; };
		57F19F0446C4F794255D5C26 /* aiQuaternion.h */ = {isa = PBXFileReference; explicitFileType = sourcecode.c.h; fileEncoding = 30; name = aiQuaternion.h; path = ../../../of_v0.8.4_osx_release/addons/ofxAssimpModelLoader/libs/assimp/include/aiQuaternion.h; sourceTree = SOURCE_ROOT; };
		58AF9011D5514E2F80964439 /* poppack1.h */ = {isa = PBXFileReference; explicitFileType = sourcecode.c.h; fileEncoding = 30; name = poppack1.h; path = ../../../of_v0.8.4_osx_release/addons/ofxAssimpModelLoader/libs/assimp/include/Compiler/poppack1.h; sourceTree = SOURCE_ROOT; };
		6AB87434F361927AEEEAB6F1 /* ofxAssimpTexture.cpp */ = {isa = PBXFileReference; explicitFileType = sourcecode.cpp.cpp; fileEncoding = 30; name = ofxAssimpTexture.cpp; path = ../../../of_v0.8.4_osx_release/addons/ofxAssimpModelLoader/src/ofxAssimpTexture.cpp; sourceTree = SOURCE_ROOT; };
		6E34F4847AF23C6D79ACFBD9 /* Logger.h */ = {isa = PBXFileReference; explicitFileType = sourcecode.c.h; fileEncoding = 30; name = Logger.h; path = ../../../of_v0.8.4_osx_release/addons/ofxAssimpModelLoader/libs/assimp/include/Logger.h; sourceTree = SOURCE_ROOT; };
		6ED2CB8B21DF481920C36C6A /* ofxLabel.h */ = {isa = PBXFileReference; explicitFileType = sourcecode.c.h; fileEncoding = 30; name = ofxLabel.h; path = ../../../of_v0.8.4_osx_release/addons/ofxGui/src/ofxLabel.h; sourceTree = SOURCE_ROOT; };
		70B7156AEDFDE1EAAA6FC71E /* aiColor4D.h */ = {isa = PBXFileReference; explicitFileType = sourcecode.c.h; fileEncoding = 30; name = aiColor4D.h; path = ../../../of_v0.8.4_osx_release/addons/ofxAssimpModelLoader/libs/assimp/include/aiColor4D.h; sourceTree = SOURCE_ROOT; };
		777B0A12DC0FE01D5015E0E4 /* ofxSliderGroup.h */ = {isa = PBXFileReference; explicitFileType = sourcecode.c.h; fileEncoding = 30; name = ofxSliderGroup.h; path = ../../../of_v0.8.4_osx_release/addons/ofxGui/src/ofxSliderGroup.h; sourceTree = SOURCE_ROOT; };
		7BA7BD060851740F738BE786 /* ofxSlider.h */ = {isa = PBXFileReference; explicitFileType = sourcecode.c.h; fileEncoding = 30; name = ofxSlider.h; path = ../../../of_v0.8.4_osx_release/addons/ofxGui/src/ofxSlider.h; sourceTree = SOURCE_ROOT; };
		7C44535633510C4E3CF6E437 /* NullLogger.h */ = {isa = PBXFileReference; explicitFileType = sourcecode.c.h; fileEncoding = 30; name = NullLogger.h; path = ../../../of_v0.8.4_osx_release/addons/ofxAssimpModelLoader/libs/assimp/include/NullLogger.h; sourceTree = SOURCE_ROOT; };
		8353D65817B65709BC7B6F3A /* ofxPanel.h */ = {isa = PBXFileReference; explicitFileType = sourcecode.c.h; fileEncoding = 30; name = ofxPanel.h; path = ../../../of_v0.8.4_osx_release/addons/ofxGui/src/ofxPanel.h; sourceTree = SOURCE_ROOT; };
		83CA2039E98EB566C1A72295 /* aiVector2D.h */ = {isa = PBXFileReference; explicitFileType = sourcecode.c.h; fileEncoding = 30; name = aiVector2D.h; path = ../../../of_v0.8.4_osx_release/addons/ofxAssimpModelLoader/libs/assimp/include/aiVector2D.h; sourceTree = SOURCE_ROOT; };
		8A4191CED12F101009D4771B /* aiMesh.h */ = {isa = PBXFileReference; explicitFileType = sourcecode.c.h; fileEncoding = 30; name = aiMesh.h; path = ../../../of_v0.8.4_osx_release/addons/ofxAssimpModelLoader/libs/assimp/include/aiMesh.h; sourceTree = SOURCE_ROOT; };
		8E4106D6E28C49A18883F730 /* assimp.h */ = {isa = PBXFileReference; explicitFileType = sourcecode.c.h; fileEncoding = 30; name = assimp.h; path = ../../../of_v0.8.4_osx_release/addons/ofxAssimpModelLoader/libs/assimp/include/assimp.h; sourceTree = SOURCE_ROOT; };
		96C5D8C52D46F70021F2BE58 /* ofxXmlSettings.cpp */ = {isa = PBXFileReference; explicitFileType = sourcecode.cpp.cpp; fileEncoding = 30; name = ofxXmlSettings.cpp; path = ../../../of_v0.8.4_osx_release/addons/ofxXmlSettings/src/ofxXmlSettings.cpp; sourceTree = SOURCE_ROOT; };
		994EF65B186DDC1629295965 /* aiMatrix3x3.h */ = {isa = PBXFileReference; explicitFileType = sourcecode.c.h; fileEncoding = 30; name = aiMatrix3x3.h; path = ../../../of_v0.8.4_osx_release/addons/ofxAssimpModelLoader/libs/assimp/include/aiMatrix3x3.h; sourceTree = SOURCE_ROOT; };
		9970EE0CC318F0241C7C9DB8 /* ofxToggle.h */ = {isa = PBXFileReference; explicitFileType = sourcecode.c.h; fileEncoding = 30; name = ofxToggle.h; path = ../../../of_v0.8.4_osx_release/addons/ofxGui/src/ofxToggle.h; sourceTree = SOURCE_ROOT; };
		99FBA8D0F461E14F7747FF8F /* aiCamera.h */ = {isa = PBXFileReference; explicitFileType = sourcecode.c.h; fileEncoding = 30; name = aiCamera.h; path = ../../../of_v0.8.4_osx_release/addons/ofxAssimpModelLoader/libs/assimp/include/aiCamera.h; sourceTree = SOURCE_ROOT; };
		9E7A265F39CE359B0BF769F8 /* assimp.hpp */ = {isa = PBXFileReference; explicitFileType = sourcecode.c.h; fileEncoding = 30; name = assimp.hpp; path = ../../../of_v0.8.4_osx_release/addons/ofxAssimpModelLoader/libs/assimp/include/assimp.hpp; sourceTree = SOURCE_ROOT; };
		A2275C1E76C24434AB3838BC /* ofxLabel.cpp */ = {isa = PBXFileReference; explicitFileType = sourcecode.cpp.cpp; fileEncoding = 30; name = ofxLabel.cpp; path = ../../../of_v0.8.4_osx_release/addons/ofxGui/src/ofxLabel.cpp; sourceTree = SOURCE_ROOT; };
		A34F1EF653F523114262D2B4 /* tinyxmlerror.cpp */ = {isa = PBXFileReference; explicitFileType = sourcecode.cpp.cpp; fileEncoding = 30; name = tinyxmlerror.cpp; path = ../../../of_v0.8.4_osx_release/addons/ofxXmlSettings/libs/tinyxmlerror.cpp; sourceTree = SOURCE_ROOT; };
		AD031D198CD16FC387E0E388 /* aiVector3D.h */ = {isa = PBXFileReference; explicitFileType = sourcecode.c.h; fileEncoding = 30; name = aiVector3D.h; path = ../../../of_v0.8.4_osx_release/addons/ofxAssimpModelLoader/libs/assimp/include/aiVector3D.h; sourceTree = SOURCE_ROOT; };
		AFF3F06FBE6B0D7CEDDE8FE5 /* ofxButton.cpp */ = {isa = PBXFileReference; explicitFileType = sourcecode.cpp.cpp; fileEncoding = 30; name = ofxButton.cpp; path = ../../../of_v0.8.4_osx_release/addons/ofxGui/src/ofxButton.cpp; sourceTree = SOURCE_ROOT; };
		B3FE418193CF2764D3E5819A /* aiAnim.h */ = {isa = PBXFileReference; explicitFileType = sourcecode.c.h; fileEncoding = 30; name = aiAnim.h; path = ../../../of_v0.8.4_osx_release/addons/ofxAssimpModelLoader/libs/assimp/include/aiAnim.h; sourceTree = SOURCE_ROOT; };
		B4ACA3625215E98FDA2F8CCA /* aiMaterial.h */ = {isa = PBXFileReference; explicitFileType = sourcecode.c.h; fileEncoding = 30; name = aiMaterial.h; path = ../../../of_v0.8.4_osx_release/addons/ofxAssimpModelLoader/libs/assimp/include/aiMaterial.h; sourceTree = SOURCE_ROOT; };
		B598733C0F5A8A79D5607197 /* ofxAssimpMeshHelper.cpp */ = {isa = PBXFileReference; explicitFileType = sourcecode.cpp.cpp; fileEncoding = 30; name = ofxAssimpMeshHelper.cpp; path = ../../../of_v0.8.4_osx_release/addons/ofxAssimpModelLoader/src/ofxAssimpMeshHelper.cpp; sourceTree = SOURCE_ROOT; };
		B80A0B405F49B6C4897CBE70 /* aiLight.h */ = {isa = PBXFileReference; explicitFileType = sourcecode.c.h; fileEncoding = 30; name = aiLight.h; path = ../../../of_v0.8.4_osx_release/addons/ofxAssimpModelLoader/libs/assimp/include/aiLight.h; sourceTree = SOURCE_ROOT; };
		B98E82CEEDC42CC96319EC2C /* aiAssert.h */ = {isa = PBXFileReference; explicitFileType = sourcecode.c.h; fileEncoding = 30; name = aiAssert.h; path = ../../../of_v0.8.4_osx_release/addons/ofxAssimpModelLoader/libs/assimp/include/aiAssert.h; sourceTree = SOURCE_ROOT; };
		BBAB23BE13894E4700AA2426 /* GLUT.framework */ = {isa = PBXFileReference; lastKnownFileType = wrapper.framework; name = GLUT.framework; path = ../../../of_v0.8.4_osx_release/libs/glut/lib/osx/GLUT.framework; sourceTree = "<group>"; };
		C08E41DAA1AF2F23CFB37993 /* DefaultLogger.h */ = {isa = PBXFileReference; explicitFileType = sourcecode.c.h; fileEncoding = 30; name = DefaultLogger.h; path = ../../../of_v0.8.4_osx_release/addons/ofxAssimpModelLoader/libs/assimp/include/DefaultLogger.h; sourceTree = SOURCE_ROOT; };
		C1CF96E5C12214003068DDAA /* aiPostProcess.h */ = {isa = PBXFileReference; explicitFileType = sourcecode.c.h; fileEncoding = 30; name = aiPostProcess.h; path = ../../../of_v0.8.4_osx_release/addons/ofxAssimpModelLoader/libs/assimp/include/aiPostProcess.h; sourceTree = SOURCE_ROOT; };
		C515897AB86D72BED2E8560F /* ofxButton.h */ = {isa = PBXFileReference; explicitFileType = sourcecode.c.h; fileEncoding = 30; name = ofxButton.h; path = ../../../of_v0.8.4_osx_release/addons/ofxGui/src/ofxButton.h; sourceTree = SOURCE_ROOT; };
		C5F91D3BBB8DE39FC815767C /* aiVersion.h */ = {isa = PBXFileReference; explicitFileType = sourcecode.c.h; fileEncoding = 30; name = aiVersion.h; path = ../../../of_v0.8.4_osx_release/addons/ofxAssimpModelLoader/libs/assimp/include/aiVersion.h; sourceTree = SOURCE_ROOT; };
		CA31C18040783961162CEA09 /* tinyxml.cpp */ = {isa = PBXFileReference; explicitFileType = sourcecode.cpp.cpp; fileEncoding = 30; name = tinyxml.cpp; path = ../../../of_v0.8.4_osx_release/addons/ofxXmlSettings/libs/tinyxml.cpp; sourceTree = SOURCE_ROOT; };
		CF0C9CB00961FB5339CA25E1 /* ofxGuiGroup.cpp */ = {isa = PBXFileReference; explicitFileType = sourcecode.cpp.cpp; fileEncoding = 30; name = ofxGuiGroup.cpp; path = ../../../of_v0.8.4_osx_release/addons/ofxGui/src/ofxGuiGroup.cpp; sourceTree = SOURCE_ROOT; };
		DFC139F2764B350697F44C63 /* aiMatrix4x4.h */ = {isa = PBXFileReference; explicitFileType = sourcecode.c.h; fileEncoding = 30; name = aiMatrix4x4.h; path = ../../../of_v0.8.4_osx_release/addons/ofxAssimpModelLoader/libs/assimp/include/aiMatrix4x4.h; sourceTree = SOURCE_ROOT; };
		E154D8D87EFD008B2914EA95 /* tinyxmlparser.cpp */ = {isa = PBXFileReference; explicitFileType = sourcecode.cpp.cpp; fileEncoding = 30; name = tinyxmlparser.cpp; path = ../../../of_v0.8.4_osx_release/addons/ofxXmlSettings/libs/tinyxmlparser.cpp; sourceTree = SOURCE_ROOT; };
		E2221D5357EC6DEC23191069 /* aiTexture.h */ = {isa = PBXFileReference; explicitFileType = sourcecode.c.h; fileEncoding = 30; name = aiTexture.h; path = ../../../of_v0.8.4_osx_release/addons/ofxAssimpModelLoader/libs/assimp/include/aiTexture.h; sourceTree = SOURCE_ROOT; };
		E4328143138ABC890047C5CB /* openFrameworksLib.xcodeproj */ = {isa = PBXFileReference; lastKnownFileType = "wrapper.pb-project"; name = openFrameworksLib.xcodeproj; path = ../../../of_v0.8.4_osx_release/libs/openFrameworksCompiled/project/osx/openFrameworksLib.xcodeproj; sourceTree = SOURCE_ROOT; };
		E45BE9710E8CC7DD009D7055 /* AGL.framework */ = {isa = PBXFileReference; lastKnownFileType = wrapper.framework; name = AGL.framework; path = /System/Library/Frameworks/AGL.framework; sourceTree = "<absolute>"; };
		E45BE9720E8CC7DD009D7055 /* ApplicationServices.framework */ = {isa = PBXFileReference; lastKnownFileType = wrapper.framework; name = ApplicationServices.framework; path = /System/Library/Frameworks/ApplicationServices.framework; sourceTree = "<absolute>"; };
		E45BE9730E8CC7DD009D7055 /* AudioToolbox.framework */ = {isa = PBXFileReference; lastKnownFileType = wrapper.framework; name = AudioToolbox.framework; path = /System/Library/Frameworks/AudioToolbox.framework; sourceTree = "<absolute>"; };
		E45BE9750E8CC7DD009D7055 /* CoreAudio.framework */ = {isa = PBXFileReference; lastKnownFileType = wrapper.framework; name = CoreAudio.framework; path = /System/Library/Frameworks/CoreAudio.framework; sourceTree = "<absolute>"; };
		E45BE9760E8CC7DD009D7055 /* CoreFoundation.framework */ = {isa = PBXFileReference; lastKnownFileType = wrapper.framework; name = CoreFoundation.framework; path = /System/Library/Frameworks/CoreFoundation.framework; sourceTree = "<absolute>"; };
		E45BE9770E8CC7DD009D7055 /* CoreServices.framework */ = {isa = PBXFileReference; lastKnownFileType = wrapper.framework; name = CoreServices.framework; path = /System/Library/Frameworks/CoreServices.framework; sourceTree = "<absolute>"; };
		E45BE9790E8CC7DD009D7055 /* OpenGL.framework */ = {isa = PBXFileReference; lastKnownFileType = wrapper.framework; name = OpenGL.framework; path = /System/Library/Frameworks/OpenGL.framework; sourceTree = "<absolute>"; };
		E45BE97A0E8CC7DD009D7055 /* QuickTime.framework */ = {isa = PBXFileReference; lastKnownFileType = wrapper.framework; name = QuickTime.framework; path = /System/Library/Frameworks/QuickTime.framework; sourceTree = "<absolute>"; };
		E4B69B5B0A3A1756003C02F2 /* MainDebug.app */ = {isa = PBXFileReference; explicitFileType = wrapper.application; includeInIndex = 0; path = MainDebug.app; sourceTree = BUILT_PRODUCTS_DIR; };
		E4B69E1D0A3A1BDC003C02F2 /* main.cpp */ = {isa = PBXFileReference; fileEncoding = 30; lastKnownFileType = sourcecode.cpp.cpp; name = main.cpp; path = src/main.cpp; sourceTree = SOURCE_ROOT; };
		E4B69E1E0A3A1BDC003C02F2 /* ofApp.cpp */ = {isa = PBXFileReference; explicitFileType = sourcecode.cpp.cpp; fileEncoding = 30; name = ofApp.cpp; path = src/ofApp.cpp; sourceTree = SOURCE_ROOT; };
		E4B69E1F0A3A1BDC003C02F2 /* ofApp.h */ = {isa = PBXFileReference; fileEncoding = 30; lastKnownFileType = sourcecode.c.h; name = ofApp.h; path = src/ofApp.h; sourceTree = SOURCE_ROOT; };
		E4B6FCAD0C3E899E008CF71C /* openFrameworks-Info.plist */ = {isa = PBXFileReference; fileEncoding = 30; lastKnownFileType = text.plist.xml; path = "openFrameworks-Info.plist"; sourceTree = "<group>"; };
		E4C2424410CC5A17004149E2 /* AppKit.framework */ = {isa = PBXFileReference; lastKnownFileType = wrapper.framework; name = AppKit.framework; path = /System/Library/Frameworks/AppKit.framework; sourceTree = "<absolute>"; };
		E4C2424510CC5A17004149E2 /* Cocoa.framework */ = {isa = PBXFileReference; lastKnownFileType = wrapper.framework; name = Cocoa.framework; path = /System/Library/Frameworks/Cocoa.framework; sourceTree = "<absolute>"; };
		E4C2424610CC5A17004149E2 /* IOKit.framework */ = {isa = PBXFileReference; lastKnownFileType = wrapper.framework; name = IOKit.framework; path = /System/Library/Frameworks/IOKit.framework; sourceTree = "<absolute>"; };
		E4EB691F138AFCF100A09F29 /* CoreOF.xcconfig */ = {isa = PBXFileReference; fileEncoding = 4; lastKnownFileType = text.xcconfig; name = CoreOF.xcconfig; path = ../../../of_v0.8.4_osx_release/libs/openFrameworksCompiled/project/osx/CoreOF.xcconfig; sourceTree = SOURCE_ROOT; };
		E4EB6923138AFD0F00A09F29 /* Project.xcconfig */ = {isa = PBXFileReference; fileEncoding = 4; lastKnownFileType = text.xcconfig; path = Project.xcconfig; sourceTree = "<group>"; };
		E7E077E415D3B63C0020DFD4 /* CoreVideo.framework */ = {isa = PBXFileReference; lastKnownFileType = wrapper.framework; name = CoreVideo.framework; path = /System/Library/Frameworks/CoreVideo.framework; sourceTree = "<absolute>"; };
		E7E077E715D3B6510020DFD4 /* QTKit.framework */ = {isa = PBXFileReference; lastKnownFileType = wrapper.framework; name = QTKit.framework; path = /System/Library/Frameworks/QTKit.framework; sourceTree = "<absolute>"; };
		E7F985F515E0DE99003869B5 /* Accelerate.framework */ = {isa = PBXFileReference; lastKnownFileType = wrapper.framework; name = Accelerate.framework; path = /System/Library/Frameworks/Accelerate.framework; sourceTree = "<absolute>"; };
		EB431A48F87472229079844E /* aiTypes.h */ = {isa = PBXFileReference; explicitFileType = sourcecode.c.h; fileEncoding = 30; name = aiTypes.h; path = ../../../of_v0.8.4_osx_release/addons/ofxAssimpModelLoader/libs/assimp/include/aiTypes.h; sourceTree = SOURCE_ROOT; };
		ED0A014F750A998542BF2CBE /* ofxXmlSettings.h */ = {isa = PBXFileReference; explicitFileType = sourcecode.c.h; fileEncoding = 30; name = ofxXmlSettings.h; path = ../../../of_v0.8.4_osx_release/addons/ofxXmlSettings/src/ofxXmlSettings.h; sourceTree = SOURCE_ROOT; };
		F1B8FA0F1583A6554F84B4E4 /* ProgressHandler.h */ = {isa = PBXFileReference; explicitFileType = sourcecode.c.h; fileEncoding = 30; name = ProgressHandler.h; path = ../../../of_v0.8.4_osx_release/addons/ofxAssimpModelLoader/libs/assimp/include/ProgressHandler.h; sourceTree = SOURCE_ROOT; };
		F27424B8D6A9D69F0003B194 /* ofxAssimpMeshHelper.h */ = {isa = PBXFileReference; explicitFileType = sourcecode.c.h; fileEncoding = 30; name = ofxAssimpMeshHelper.h; path = ../../../of_v0.8.4_osx_release/addons/ofxAssimpModelLoader/src/ofxAssimpMeshHelper.h; sourceTree = SOURCE_ROOT; };
		F4F4A03EFF7F2EB8E0AAF8E1 /* aiDefines.h */ = {isa = PBXFileReference; explicitFileType = sourcecode.c.h; fileEncoding = 30; name = aiDefines.h; path = ../../../of_v0.8.4_osx_release/addons/ofxAssimpModelLoader/libs/assimp/include/aiDefines.h; sourceTree = SOURCE_ROOT; };
		F689F55F2F059DD1E8C3BE6B /* ofxSliderGroup.cpp */ = {isa = PBXFileReference; explicitFileType = sourcecode.cpp.cpp; fileEncoding = 30; name = ofxSliderGroup.cpp; path = ../../../of_v0.8.4_osx_release/addons/ofxGui/src/ofxSliderGroup.cpp; sourceTree = SOURCE_ROOT; };
		FAFA3F76EF4AD355426037CD /* ofxGui.h */ = {isa = PBXFileReference; explicitFileType = sourcecode.c.h; fileEncoding = 30; name = ofxGui.h; path = ../../../of_v0.8.4_osx_release/addons/ofxGui/src/ofxGui.h; sourceTree = SOURCE_ROOT; };
		FC80D589B227489C925F6EB4 /* ofxBaseGui.cpp */ = {isa = PBXFileReference; explicitFileType = sourcecode.cpp.cpp; fileEncoding = 30; name = ofxBaseGui.cpp; path = ../../../of_v0.8.4_osx_release/addons/ofxGui/src/ofxBaseGui.cpp; sourceTree = SOURCE_ROOT; };
/* End PBXFileReference section */

/* Begin PBXFrameworksBuildPhase section */
		E4B69B590A3A1756003C02F2 /* Frameworks */ = {
			isa = PBXFrameworksBuildPhase;
			buildActionMask = 2147483647;
			files = (
				E7F985F815E0DEA3003869B5 /* Accelerate.framework in Frameworks */,
				E7E077E815D3B6510020DFD4 /* QTKit.framework in Frameworks */,
				E4EB6799138ADC1D00A09F29 /* GLUT.framework in Frameworks */,
				E4328149138ABC9F0047C5CB /* openFrameworksDebug.a in Frameworks */,
				E45BE97B0E8CC7DD009D7055 /* AGL.framework in Frameworks */,
				E45BE97C0E8CC7DD009D7055 /* ApplicationServices.framework in Frameworks */,
				E45BE97D0E8CC7DD009D7055 /* AudioToolbox.framework in Frameworks */,
				E45BE97F0E8CC7DD009D7055 /* CoreAudio.framework in Frameworks */,
				E45BE9800E8CC7DD009D7055 /* CoreFoundation.framework in Frameworks */,
				E45BE9810E8CC7DD009D7055 /* CoreServices.framework in Frameworks */,
				E45BE9830E8CC7DD009D7055 /* OpenGL.framework in Frameworks */,
				E45BE9840E8CC7DD009D7055 /* QuickTime.framework in Frameworks */,
				E4C2424710CC5A17004149E2 /* AppKit.framework in Frameworks */,
				E4C2424810CC5A17004149E2 /* Cocoa.framework in Frameworks */,
				E4C2424910CC5A17004149E2 /* IOKit.framework in Frameworks */,
				E7E077E515D3B63C0020DFD4 /* CoreVideo.framework in Frameworks */,
			);
			runOnlyForDeploymentPostprocessing = 0;
		};
/* End PBXFrameworksBuildPhase section */

/* Begin PBXGroup section */
		1F4FB5C423662B96ADFDCC0B /* ofxXmlSettings */ = {
			isa = PBXGroup;
			children = (
				6ECEF0D76BC33727823EADFF /* src */,
				6E54289412D2D94F45A05113 /* libs */,
			);
			name = ofxXmlSettings;
			sourceTree = "<group>";
		};
		2C8F245ACBE61E28646C17F2 /* ofxAssimpModelLoader */ = {
			isa = PBXGroup;
			children = (
				9D99F547CA5C0ECCB9EB9806 /* src */,
				C721A9AF1157766AFE54645E /* libs */,
			);
			name = ofxAssimpModelLoader;
			sourceTree = "<group>";
		};
		410C403C19E686DB0090A159 /* skull */ = {
			isa = PBXGroup;
			children = (
				410C403D19E686DB0090A159 /* Skull.cpp */,
				410C403E19E686DB0090A159 /* Skull.h */,
			);
			path = skull;
			sourceTree = "<group>";
		};
		410C404019E687080090A159 /* rects */ = {
			isa = PBXGroup;
			children = (
				410C404219E687230090A159 /* RectsScene.h */,
				410C404119E687230090A159 /* RectsScene.cpp */,
				411A2C6319E7D36F005CC5F5 /* Rectangle.h */,
				411A2C6219E7D36F005CC5F5 /* Rectangle.cpp */,
			);
			name = rects;
			sourceTree = "<group>";
		};
		4120356F19E05AFA0091CE01 /* ofxFFT */ = {
			isa = PBXGroup;
			children = (
				412035A619E05AFB0091CE01 /* libs */,
				412035AB19E05AFB0091CE01 /* src */,
			);
			name = ofxFFT;
			path = ../../../of_v0.8.4_osx_release/addons/ofxFFT;
			sourceTree = "<group>";
		};
		412035A619E05AFB0091CE01 /* libs */ = {
			isa = PBXGroup;
			children = (
				412035A719E05AFB0091CE01 /* fft.cpp */,
				412035A819E05AFB0091CE01 /* fft.h */,
			);
			path = libs;
			sourceTree = "<group>";
		};
		412035AB19E05AFB0091CE01 /* src */ = {
			isa = PBXGroup;
			children = (
				412035AC19E05AFB0091CE01 /* ofxFFTBase.cpp */,
				412035AD19E05AFB0091CE01 /* ofxFFTBase.h */,
				412035AE19E05AFB0091CE01 /* ofxFFTFile.cpp */,
				412035AF19E05AFB0091CE01 /* ofxFFTFile.h */,
				412035B019E05AFB0091CE01 /* ofxFFTLive.cpp */,
				412035B119E05AFB0091CE01 /* ofxFFTLive.h */,
			);
			path = src;
			sourceTree = "<group>";
		};
		4120366119E0844C0091CE01 /* audio */ = {
			isa = PBXGroup;
			children = (
				4120366319E0844C0091CE01 /* AudioManager.h */,
				4120366219E0844C0091CE01 /* AudioManager.cpp */,
			);
			path = audio;
			sourceTree = "<group>";
		};
		4120366519E0844C0091CE01 /* scene */ = {
			isa = PBXGroup;
			children = (
				410C404019E687080090A159 /* rects */,
				41BD247D19E1ACD000DA71F6 /* circles */,
				4120367A19E1404C0091CE01 /* example */,
				4120366619E0844C0091CE01 /* abstract */,
				4120366A19E0844C0091CE01 /* SceneManager.h */,
				4120366919E0844C0091CE01 /* SceneManager.cpp */,
			);
			path = scene;
			sourceTree = "<group>";
		};
		4120366619E0844C0091CE01 /* abstract */ = {
			isa = PBXGroup;
			children = (
				4120366819E0844C0091CE01 /* AbstractScene.h */,
				4120366719E0844C0091CE01 /* AbstractScene.cpp */,
			);
			path = abstract;
			sourceTree = "<group>";
		};
		4120366B19E0844C0091CE01 /* ui */ = {
			isa = PBXGroup;
			children = (
				4120366C19E0844C0091CE01 /* Drag.cpp */,
				4120366D19E0844C0091CE01 /* Drag.h */,
			);
			path = ui;
			sourceTree = "<group>";
		};
		4120367A19E1404C0091CE01 /* example */ = {
			isa = PBXGroup;
			children = (
				4120367C19E1404C0091CE01 /* ExampleScene.h */,
				4120367B19E1404C0091CE01 /* ExampleScene.cpp */,
			);
			path = example;
			sourceTree = "<group>";
		};
		4120367F19E141070091CE01 /* ofxTimer */ = {
			isa = PBXGroup;
			children = (
				4120368019E141070091CE01 /* src */,
			);
			name = ofxTimer;
			path = ../../../of_v0.8.4_osx_release/addons/ofxTimer;
			sourceTree = "<group>";
		};
		4120368019E141070091CE01 /* src */ = {
			isa = PBXGroup;
			children = (
				4120368119E141070091CE01 /* ofxTimer.cpp */,
				4120368219E141070091CE01 /* ofxTimer.h */,
			);
			path = src;
			sourceTree = "<group>";
		};
		41463D0219E3314C008922D7 /* ofxTweenzor */ = {
			isa = PBXGroup;
			children = (
				41463D0519E3314C008922D7 /* src */,
			);
			name = ofxTweenzor;
			path = ../../../of_v0.8.4_osx_release/addons/ofxTweenzor;
			sourceTree = "<group>";
		};
		41463D0519E3314C008922D7 /* src */ = {
			isa = PBXGroup;
			children = (
				41463D0619E3314C008922D7 /* ofxTweenzor.h */,
				41463D0719E3314C008922D7 /* Tween.cpp */,
				41463D0819E3314C008922D7 /* Tween.h */,
				41463D0919E3314C008922D7 /* TweenEvent.h */,
				41463D0A19E3314C008922D7 /* TweenFunctions.h */,
				41463D0B19E3314C008922D7 /* TweenSelector.h */,
				41463D0C19E3314C008922D7 /* Tweenzor.cpp */,
				41463D0D19E3314C008922D7 /* Tweenzor.h */,
			);
			path = src;
			sourceTree = "<group>";
		};
		41BD247D19E1ACD000DA71F6 /* circles */ = {
			isa = PBXGroup;
			children = (
				41BD248919E1AE4D00DA71F6 /* Circle.h */,
				41BD248819E1AE4D00DA71F6 /* Circle.cpp */,
				41BD247F19E1ACFB00DA71F6 /* CirclesScene.h */,
				41BD247E19E1ACFB00DA71F6 /* CirclesScene.cpp */,
			);
			name = circles;
			sourceTree = "<group>";
		};
		480A780D8D0308AE4A368801 /* ofxGui */ = {
			isa = PBXGroup;
			children = (
				A763ED608B35AE3310251DEE /* src */,
			);
			name = ofxGui;
			sourceTree = "<group>";
		};
		59905D957FDE48902CF1F729 /* assimp */ = {
			isa = PBXGroup;
			children = (
				EEFDD7AE0009AE6F77EF2A93 /* include */,
			);
			name = assimp;
			sourceTree = "<group>";
		};
		6E54289412D2D94F45A05113 /* libs */ = {
			isa = PBXGroup;
			children = (
				CA31C18040783961162CEA09 /* tinyxml.cpp */,
				00F346BB93BF8576690D80F6 /* tinyxml.h */,
				A34F1EF653F523114262D2B4 /* tinyxmlerror.cpp */,
				E154D8D87EFD008B2914EA95 /* tinyxmlparser.cpp */,
			);
			name = libs;
			sourceTree = "<group>";
		};
		6ECEF0D76BC33727823EADFF /* src */ = {
			isa = PBXGroup;
			children = (
				96C5D8C52D46F70021F2BE58 /* ofxXmlSettings.cpp */,
				ED0A014F750A998542BF2CBE /* ofxXmlSettings.h */,
			);
			name = src;
			sourceTree = "<group>";
		};
		93A9152986A73DA32DBD7964 /* Compiler */ = {
			isa = PBXGroup;
			children = (
				58AF9011D5514E2F80964439 /* poppack1.h */,
				308A90B845A03EBCCD2D71C3 /* pushpack1.h */,
			);
			name = Compiler;
			sourceTree = "<group>";
		};
		9D99F547CA5C0ECCB9EB9806 /* src */ = {
			isa = PBXGroup;
			children = (
				39736609DC123C429192B272 /* ofxAssimpAnimation.cpp */,
				0B55B51A3BFF1DF2F550EA6B /* ofxAssimpAnimation.h */,
				B598733C0F5A8A79D5607197 /* ofxAssimpMeshHelper.cpp */,
				F27424B8D6A9D69F0003B194 /* ofxAssimpMeshHelper.h */,
				4EA376CBE9D34280DBD85E02 /* ofxAssimpModelLoader.cpp */,
				4CB11A8DD9233C659BE9FBCD /* ofxAssimpModelLoader.h */,
				6AB87434F361927AEEEAB6F1 /* ofxAssimpTexture.cpp */,
				2C847770D1043E76AC2B3C94 /* ofxAssimpTexture.h */,
				2E0ADB564B92054E75F49595 /* ofxAssimpUtils.h */,
			);
			name = src;
			sourceTree = "<group>";
		};
		A763ED608B35AE3310251DEE /* src */ = {
			isa = PBXGroup;
			children = (
				FC80D589B227489C925F6EB4 /* ofxBaseGui.cpp */,
				0C09313AD58E6B27381B9951 /* ofxBaseGui.h */,
				AFF3F06FBE6B0D7CEDDE8FE5 /* ofxButton.cpp */,
				C515897AB86D72BED2E8560F /* ofxButton.h */,
				FAFA3F76EF4AD355426037CD /* ofxGui.h */,
				CF0C9CB00961FB5339CA25E1 /* ofxGuiGroup.cpp */,
				0939F2BE63A39C87789FACF5 /* ofxGuiGroup.h */,
				A2275C1E76C24434AB3838BC /* ofxLabel.cpp */,
				6ED2CB8B21DF481920C36C6A /* ofxLabel.h */,
				0F8138DA6AF657A161D95584 /* ofxPanel.cpp */,
				8353D65817B65709BC7B6F3A /* ofxPanel.h */,
				512F85418609E67CFED65748 /* ofxSlider.cpp */,
				7BA7BD060851740F738BE786 /* ofxSlider.h */,
				F689F55F2F059DD1E8C3BE6B /* ofxSliderGroup.cpp */,
				777B0A12DC0FE01D5015E0E4 /* ofxSliderGroup.h */,
				021E44C1F2F225C5628E57F3 /* ofxToggle.cpp */,
				9970EE0CC318F0241C7C9DB8 /* ofxToggle.h */,
			);
			name = src;
			sourceTree = "<group>";
		};
		BB4B014C10F69532006C3DED /* addons */ = {
			isa = PBXGroup;
			children = (
				41463D0219E3314C008922D7 /* ofxTweenzor */,
				4120367F19E141070091CE01 /* ofxTimer */,
				4120356F19E05AFA0091CE01 /* ofxFFT */,
				2C8F245ACBE61E28646C17F2 /* ofxAssimpModelLoader */,
				480A780D8D0308AE4A368801 /* ofxGui */,
				1F4FB5C423662B96ADFDCC0B /* ofxXmlSettings */,
			);
			name = addons;
			sourceTree = "<group>";
		};
		BBAB23C913894ECA00AA2426 /* system frameworks */ = {
			isa = PBXGroup;
			children = (
				E7F985F515E0DE99003869B5 /* Accelerate.framework */,
				E4C2424410CC5A17004149E2 /* AppKit.framework */,
				E4C2424510CC5A17004149E2 /* Cocoa.framework */,
				E4C2424610CC5A17004149E2 /* IOKit.framework */,
				E45BE9710E8CC7DD009D7055 /* AGL.framework */,
				E45BE9720E8CC7DD009D7055 /* ApplicationServices.framework */,
				E45BE9730E8CC7DD009D7055 /* AudioToolbox.framework */,
				E45BE9750E8CC7DD009D7055 /* CoreAudio.framework */,
				E45BE9760E8CC7DD009D7055 /* CoreFoundation.framework */,
				E45BE9770E8CC7DD009D7055 /* CoreServices.framework */,
				E45BE9790E8CC7DD009D7055 /* OpenGL.framework */,
				E45BE97A0E8CC7DD009D7055 /* QuickTime.framework */,
				E7E077E415D3B63C0020DFD4 /* CoreVideo.framework */,
				E7E077E715D3B6510020DFD4 /* QTKit.framework */,
			);
			name = "system frameworks";
			sourceTree = "<group>";
		};
		BBAB23CA13894EDB00AA2426 /* 3rd party frameworks */ = {
			isa = PBXGroup;
			children = (
				BBAB23BE13894E4700AA2426 /* GLUT.framework */,
			);
			name = "3rd party frameworks";
			sourceTree = "<group>";
		};
		C721A9AF1157766AFE54645E /* libs */ = {
			isa = PBXGroup;
			children = (
				59905D957FDE48902CF1F729 /* assimp */,
			);
			name = libs;
			sourceTree = "<group>";
		};
		E4328144138ABC890047C5CB /* Products */ = {
			isa = PBXGroup;
			children = (
				E4328148138ABC890047C5CB /* openFrameworksDebug.a */,
			);
			name = Products;
			sourceTree = "<group>";
		};
		E45BE5980E8CC70C009D7055 /* frameworks */ = {
			isa = PBXGroup;
			children = (
				BBAB23CA13894EDB00AA2426 /* 3rd party frameworks */,
				BBAB23C913894ECA00AA2426 /* system frameworks */,
			);
			name = frameworks;
			sourceTree = "<group>";
		};
		E4B69B4A0A3A1720003C02F2 = {
			isa = PBXGroup;
			children = (
				E4B6FCAD0C3E899E008CF71C /* openFrameworks-Info.plist */,
				E4EB6923138AFD0F00A09F29 /* Project.xcconfig */,
				E4B69E1C0A3A1BDC003C02F2 /* src */,
				E4EEC9E9138DF44700A80321 /* openFrameworks */,
				BB4B014C10F69532006C3DED /* addons */,
				E45BE5980E8CC70C009D7055 /* frameworks */,
				E4B69B5B0A3A1756003C02F2 /* MainDebug.app */,
			);
			sourceTree = "<group>";
		};
		E4B69E1C0A3A1BDC003C02F2 /* src */ = {
			isa = PBXGroup;
			children = (
				410C403C19E686DB0090A159 /* skull */,
				4120366119E0844C0091CE01 /* audio */,
				4120366419E0844C0091CE01 /* ofAppDefines.h */,
				4120366519E0844C0091CE01 /* scene */,
				4120366B19E0844C0091CE01 /* ui */,
				E4B69E1D0A3A1BDC003C02F2 /* main.cpp */,
				E4B69E1E0A3A1BDC003C02F2 /* ofApp.cpp */,
				E4B69E1F0A3A1BDC003C02F2 /* ofApp.h */,
			);
			path = src;
			sourceTree = SOURCE_ROOT;
		};
		E4EEC9E9138DF44700A80321 /* openFrameworks */ = {
			isa = PBXGroup;
			children = (
				E4EB691F138AFCF100A09F29 /* CoreOF.xcconfig */,
				E4328143138ABC890047C5CB /* openFrameworksLib.xcodeproj */,
			);
			name = openFrameworks;
			sourceTree = "<group>";
		};
		EEFDD7AE0009AE6F77EF2A93 /* include */ = {
			isa = PBXGroup;
			children = (
				B3FE418193CF2764D3E5819A /* aiAnim.h */,
				B98E82CEEDC42CC96319EC2C /* aiAssert.h */,
				99FBA8D0F461E14F7747FF8F /* aiCamera.h */,
				70B7156AEDFDE1EAAA6FC71E /* aiColor4D.h */,
				384B8B006BD4952593CF2F83 /* aiConfig.h */,
				F4F4A03EFF7F2EB8E0AAF8E1 /* aiDefines.h */,
				23A72892A9A51350F2B9CEEE /* aiFileIO.h */,
				B80A0B405F49B6C4897CBE70 /* aiLight.h */,
				B4ACA3625215E98FDA2F8CCA /* aiMaterial.h */,
				994EF65B186DDC1629295965 /* aiMatrix3x3.h */,
				DFC139F2764B350697F44C63 /* aiMatrix4x4.h */,
				8A4191CED12F101009D4771B /* aiMesh.h */,
				C1CF96E5C12214003068DDAA /* aiPostProcess.h */,
				57F19F0446C4F794255D5C26 /* aiQuaternion.h */,
				4A44D4483E4370AF91480DFC /* aiScene.h */,
				E2221D5357EC6DEC23191069 /* aiTexture.h */,
				EB431A48F87472229079844E /* aiTypes.h */,
				83CA2039E98EB566C1A72295 /* aiVector2D.h */,
				AD031D198CD16FC387E0E388 /* aiVector3D.h */,
				C5F91D3BBB8DE39FC815767C /* aiVersion.h */,
				8E4106D6E28C49A18883F730 /* assimp.h */,
				9E7A265F39CE359B0BF769F8 /* assimp.hpp */,
				93A9152986A73DA32DBD7964 /* Compiler */,
				C08E41DAA1AF2F23CFB37993 /* DefaultLogger.h */,
				38FE0AA3F9B9321507830ADA /* IOStream.h */,
				1F13F500CCD712F55D2D7394 /* IOSystem.h */,
				6E34F4847AF23C6D79ACFBD9 /* Logger.h */,
				26BBC6AA2020A84E26F0C96D /* LogStream.h */,
				7C44535633510C4E3CF6E437 /* NullLogger.h */,
				F1B8FA0F1583A6554F84B4E4 /* ProgressHandler.h */,
			);
			name = include;
			sourceTree = "<group>";
		};
/* End PBXGroup section */

/* Begin PBXNativeTarget section */
		E4B69B5A0A3A1756003C02F2 /* Main */ = {
			isa = PBXNativeTarget;
			buildConfigurationList = E4B69B5F0A3A1757003C02F2 /* Build configuration list for PBXNativeTarget "Main" */;
			buildPhases = (
				E4B69B580A3A1756003C02F2 /* Sources */,
				E4B69B590A3A1756003C02F2 /* Frameworks */,
				E4B6FFFD0C3F9AB9008CF71C /* ShellScript */,
				E4C2427710CC5ABF004149E2 /* CopyFiles */,
			);
			buildRules = (
			);
			dependencies = (
				E4EEB9AC138B136A00A80321 /* PBXTargetDependency */,
			);
			name = Main;
			productName = myOFApp;
			productReference = E4B69B5B0A3A1756003C02F2 /* MainDebug.app */;
			productType = "com.apple.product-type.application";
		};
/* End PBXNativeTarget section */

/* Begin PBXProject section */
		E4B69B4C0A3A1720003C02F2 /* Project object */ = {
			isa = PBXProject;
			attributes = {
				LastUpgradeCheck = 0460;
			};
			buildConfigurationList = E4B69B4D0A3A1720003C02F2 /* Build configuration list for PBXProject "Main" */;
			compatibilityVersion = "Xcode 3.2";
			developmentRegion = English;
			hasScannedForEncodings = 0;
			knownRegions = (
				English,
				Japanese,
				French,
				German,
			);
			mainGroup = E4B69B4A0A3A1720003C02F2;
			productRefGroup = E4B69B4A0A3A1720003C02F2;
			projectDirPath = "";
			projectReferences = (
				{
					ProductGroup = E4328144138ABC890047C5CB /* Products */;
					ProjectRef = E4328143138ABC890047C5CB /* openFrameworksLib.xcodeproj */;
				},
			);
			projectRoot = "";
			targets = (
				E4B69B5A0A3A1756003C02F2 /* Main */,
			);
		};
/* End PBXProject section */

/* Begin PBXReferenceProxy section */
		E4328148138ABC890047C5CB /* openFrameworksDebug.a */ = {
			isa = PBXReferenceProxy;
			fileType = archive.ar;
			path = openFrameworksDebug.a;
			remoteRef = E4328147138ABC890047C5CB /* PBXContainerItemProxy */;
			sourceTree = BUILT_PRODUCTS_DIR;
		};
/* End PBXReferenceProxy section */

/* Begin PBXShellScriptBuildPhase section */
		E4B6FFFD0C3F9AB9008CF71C /* ShellScript */ = {
			isa = PBXShellScriptBuildPhase;
			buildActionMask = 2147483647;
			files = (
			);
			inputPaths = (
			);
			outputPaths = (
			);
			runOnlyForDeploymentPostprocessing = 0;
			shellPath = /bin/sh;
			shellScript = "cp -f ../../../of_v0.8.4_osx_release/libs/fmodex/lib/osx/libfmodex.dylib \"$TARGET_BUILD_DIR/$PRODUCT_NAME.app/Contents/MacOS/libfmodex.dylib\"; install_name_tool -change ./libfmodex.dylib @executable_path/libfmodex.dylib \"$TARGET_BUILD_DIR/$PRODUCT_NAME.app/Contents/MacOS/$PRODUCT_NAME\";\nmkdir -p \"$TARGET_BUILD_DIR/$PRODUCT_NAME.app/Contents/Resources/\"\ncp -f \"$ICON_FILE\" \"$TARGET_BUILD_DIR/$PRODUCT_NAME.app/Contents/Resources/\"\n";
		};
/* End PBXShellScriptBuildPhase section */

/* Begin PBXSourcesBuildPhase section */
		E4B69B580A3A1756003C02F2 /* Sources */ = {
			isa = PBXSourcesBuildPhase;
			buildActionMask = 2147483647;
			files = (
				41463D3719E3315C008922D7 /* ofxTweenzor.h in Sources */,
				41463D3819E3315C008922D7 /* Tween.cpp in Sources */,
				41463D3919E3315C008922D7 /* Tween.h in Sources */,
				41463D3A19E3315C008922D7 /* TweenEvent.h in Sources */,
				41463D3B19E3315C008922D7 /* TweenFunctions.h in Sources */,
				41463D3C19E3315C008922D7 /* TweenSelector.h in Sources */,
				41463D3D19E3315C008922D7 /* Tweenzor.cpp in Sources */,
				41463D3E19E3315C008922D7 /* Tweenzor.h in Sources */,
				4120368319E141200091CE01 /* ofxTimer.cpp in Sources */,
				411A2C6419E7D36F005CC5F5 /* Rectangle.cpp in Sources */,
				410C403F19E686DB0090A159 /* Skull.cpp in Sources */,
				4120368419E141200091CE01 /* ofxTimer.h in Sources */,
				4120367219E084720091CE01 /* fft.cpp in Sources */,
				4120367319E084720091CE01 /* fft.h in Sources */,
				4120367419E084720091CE01 /* ofxFFTBase.cpp in Sources */,
				4120367519E084720091CE01 /* ofxFFTBase.h in Sources */,
				4120367619E084720091CE01 /* ofxFFTFile.cpp in Sources */,
				4120367719E084720091CE01 /* ofxFFTFile.h in Sources */,
				4120367819E084720091CE01 /* ofxFFTLive.cpp in Sources */,
				410C404319E687230090A159 /* RectsScene.cpp in Sources */,
				4120367919E084720091CE01 /* ofxFFTLive.h in Sources */,
				E4B69E200A3A1BDC003C02F2 /* main.cpp in Sources */,
				E4B69E210A3A1BDC003C02F2 /* ofApp.cpp in Sources */,
				EFB415D1A996754FC7BA41E4 /* ofxAssimpAnimation.cpp in Sources */,
				4120367119E0844C0091CE01 /* Drag.cpp in Sources */,
				DC1DA301F2B134C4F57092C1 /* ofxAssimpMeshHelper.cpp in Sources */,
				99BF0BF404711D5F425D05CC /* ofxAssimpModelLoader.cpp in Sources */,
				41BD248019E1ACFB00DA71F6 /* CirclesScene.cpp in Sources */,
				3E14BA3DC838290F2C4BEEA8 /* ofxAssimpTexture.cpp in Sources */,
				258DE4FE0E17A691B1ECAB06 /* ofxBaseGui.cpp in Sources */,
				7D38DC8021C7B4DAF7A69C2D /* ofxButton.cpp in Sources */,
				4120366F19E0844C0091CE01 /* AbstractScene.cpp in Sources */,
				41BD248A19E1AE4D00DA71F6 /* Circle.cpp in Sources */,
				92341401421A0B920082DDBD /* ofxGuiGroup.cpp in Sources */,
				E7AC2657E8C96AAAEE1D9B19 /* ofxLabel.cpp in Sources */,
				D41B21C1AB6D1BBB8EF5A522 /* ofxPanel.cpp in Sources */,
				3D5B05390E4B441DBA465D48 /* ofxSlider.cpp in Sources */,
				4120366E19E0844C0091CE01 /* AudioManager.cpp in Sources */,
				4120367019E0844C0091CE01 /* SceneManager.cpp in Sources */,
				47394C682F897B265693B298 /* ofxSliderGroup.cpp in Sources */,
				1D630D2FD3E2F527A7747C00 /* ofxToggle.cpp in Sources */,
				DB46F954E2510AEEDA6DE642 /* ofxXmlSettings.cpp in Sources */,
				4120367D19E1404C0091CE01 /* ExampleScene.cpp in Sources */,
				CF008F95E5B30830F06338DE /* tinyxml.cpp in Sources */,
				F66D086234C57E4720DA19FF /* tinyxmlerror.cpp in Sources */,
				31D4524A8044C19E938536A9 /* tinyxmlparser.cpp in Sources */,
			);
			runOnlyForDeploymentPostprocessing = 0;
		};
/* End PBXSourcesBuildPhase section */

/* Begin PBXTargetDependency section */
		E4EEB9AC138B136A00A80321 /* PBXTargetDependency */ = {
			isa = PBXTargetDependency;
			name = openFrameworks;
			targetProxy = E4EEB9AB138B136A00A80321 /* PBXContainerItemProxy */;
		};
/* End PBXTargetDependency section */

/* Begin XCBuildConfiguration section */
		E4B69B4E0A3A1720003C02F2 /* Debug */ = {
			isa = XCBuildConfiguration;
			baseConfigurationReference = E4EB6923138AFD0F00A09F29 /* Project.xcconfig */;
			buildSettings = {
				ARCHS = "$(NATIVE_ARCH)";
				CONFIGURATION_BUILD_DIR = "$(SRCROOT)/bin/";
				COPY_PHASE_STRIP = NO;
				DEAD_CODE_STRIPPING = YES;
				GCC_AUTO_VECTORIZATION = YES;
				GCC_ENABLE_SSE3_EXTENSIONS = YES;
				GCC_ENABLE_SUPPLEMENTAL_SSE3_INSTRUCTIONS = YES;
				GCC_INLINES_ARE_PRIVATE_EXTERN = NO;
				GCC_OPTIMIZATION_LEVEL = 0;
				GCC_SYMBOLS_PRIVATE_EXTERN = NO;
				GCC_WARN_ABOUT_DEPRECATED_FUNCTIONS = YES;
				GCC_WARN_ABOUT_INVALID_OFFSETOF_MACRO = NO;
				GCC_WARN_ALLOW_INCOMPLETE_PROTOCOL = NO;
				GCC_WARN_UNINITIALIZED_AUTOS = NO;
				GCC_WARN_UNUSED_VALUE = NO;
				GCC_WARN_UNUSED_VARIABLE = NO;
				HEADER_SEARCH_PATHS = (
					"$(OF_CORE_HEADERS)",
					../../../of_v0.8.4_osx_release/addons/ofxAssimpModelLoader/libs,
					../../../of_v0.8.4_osx_release/addons/ofxAssimpModelLoader/libs/assimp,
					../../../of_v0.8.4_osx_release/addons/ofxAssimpModelLoader/libs/assimp/include,
					../../../of_v0.8.4_osx_release/addons/ofxAssimpModelLoader/libs/assimp/include/Compiler,
					../../../of_v0.8.4_osx_release/addons/ofxAssimpModelLoader/libs/assimp/lib,
					../../../of_v0.8.4_osx_release/addons/ofxAssimpModelLoader/libs/assimp/lib/osx,
					../../../of_v0.8.4_osx_release/addons/ofxAssimpModelLoader/src,
					../../../of_v0.8.4_osx_release/addons/ofxGui/libs,
					../../../of_v0.8.4_osx_release/addons/ofxGui/src,
					../../../of_v0.8.4_osx_release/addons/ofxXmlSettings/libs,
					../../../of_v0.8.4_osx_release/addons/ofxXmlSettings/src,
					"../../../of_v0.8.4_osx_release/addons/ofxFFT-master/libs",
					"../../../of_v0.8.4_osx_release/addons/ofxFFT-master/src",
				);
				MACOSX_DEPLOYMENT_TARGET = 10.6;
				OTHER_CPLUSPLUSFLAGS = (
					"-D__MACOSX_CORE__",
					"-lpthread",
					"-mtune=native",
				);
				OTHER_LDFLAGS = (
					"$(OF_CORE_LIBS)",
					../../../of_v0.8.4_osx_release/addons/ofxAssimpModelLoader/libs/assimp/lib/osx/assimp.a,
				);
				SDKROOT = macosx;
			};
			name = Debug;
		};
		E4B69B4F0A3A1720003C02F2 /* Release */ = {
			isa = XCBuildConfiguration;
			baseConfigurationReference = E4EB6923138AFD0F00A09F29 /* Project.xcconfig */;
			buildSettings = {
				ARCHS = "$(NATIVE_ARCH)";
				CONFIGURATION_BUILD_DIR = "$(SRCROOT)/bin/";
				COPY_PHASE_STRIP = YES;
				DEAD_CODE_STRIPPING = YES;
				GCC_AUTO_VECTORIZATION = YES;
				GCC_ENABLE_SSE3_EXTENSIONS = YES;
				GCC_ENABLE_SUPPLEMENTAL_SSE3_INSTRUCTIONS = YES;
				GCC_INLINES_ARE_PRIVATE_EXTERN = NO;
				GCC_OPTIMIZATION_LEVEL = 3;
				GCC_SYMBOLS_PRIVATE_EXTERN = NO;
				GCC_UNROLL_LOOPS = YES;
				GCC_WARN_ABOUT_DEPRECATED_FUNCTIONS = YES;
				GCC_WARN_ABOUT_INVALID_OFFSETOF_MACRO = NO;
				GCC_WARN_ALLOW_INCOMPLETE_PROTOCOL = NO;
				GCC_WARN_UNINITIALIZED_AUTOS = NO;
				GCC_WARN_UNUSED_VALUE = NO;
				GCC_WARN_UNUSED_VARIABLE = NO;
				HEADER_SEARCH_PATHS = (
					"$(OF_CORE_HEADERS)",
					../../../of_v0.8.4_osx_release/addons/ofxAssimpModelLoader/libs,
					../../../of_v0.8.4_osx_release/addons/ofxAssimpModelLoader/libs/assimp,
					../../../of_v0.8.4_osx_release/addons/ofxAssimpModelLoader/libs/assimp/include,
					../../../of_v0.8.4_osx_release/addons/ofxAssimpModelLoader/libs/assimp/include/Compiler,
					../../../of_v0.8.4_osx_release/addons/ofxAssimpModelLoader/libs/assimp/lib,
					../../../of_v0.8.4_osx_release/addons/ofxAssimpModelLoader/libs/assimp/lib/osx,
					../../../of_v0.8.4_osx_release/addons/ofxAssimpModelLoader/src,
					../../../of_v0.8.4_osx_release/addons/ofxGui/libs,
					../../../of_v0.8.4_osx_release/addons/ofxGui/src,
					../../../of_v0.8.4_osx_release/addons/ofxXmlSettings/libs,
					../../../of_v0.8.4_osx_release/addons/ofxXmlSettings/src,
					"../../../of_v0.8.4_osx_release/addons/ofxFFT-master/libs",
					"../../../of_v0.8.4_osx_release/addons/ofxFFT-master/src",
				);
				MACOSX_DEPLOYMENT_TARGET = 10.6;
				OTHER_CPLUSPLUSFLAGS = (
					"-D__MACOSX_CORE__",
					"-lpthread",
					"-mtune=native",
				);
				OTHER_LDFLAGS = (
					"$(OF_CORE_LIBS)",
					../../../of_v0.8.4_osx_release/addons/ofxAssimpModelLoader/libs/assimp/lib/osx/assimp.a,
				);
				SDKROOT = macosx;
			};
			name = Release;
		};
		E4B69B600A3A1757003C02F2 /* Debug */ = {
			isa = XCBuildConfiguration;
			buildSettings = {
				COMBINE_HIDPI_IMAGES = YES;
				COPY_PHASE_STRIP = NO;
				FRAMEWORK_SEARCH_PATHS = (
					"$(inherited)",
					"$(FRAMEWORK_SEARCH_PATHS_QUOTED_FOR_TARGET_1)",
				);
				FRAMEWORK_SEARCH_PATHS_QUOTED_FOR_TARGET_1 = "\"$(SRCROOT)/../../../of_v0.8.4_osx_release/libs/glut/lib/osx\"";
				GCC_DYNAMIC_NO_PIC = NO;
				GCC_GENERATE_DEBUGGING_SYMBOLS = YES;
				GCC_MODEL_TUNING = NONE;
				ICON = "$(ICON_NAME_DEBUG)";
				ICON_FILE = "$(ICON_FILE_PATH)$(ICON)";
				INFOPLIST_FILE = "openFrameworks-Info.plist";
				INSTALL_PATH = "$(HOME)/Applications";
				LIBRARY_SEARCH_PATHS = (
					"$(inherited)",
					"$(LIBRARY_SEARCH_PATHS_QUOTED_FOR_TARGET_1)",
					"$(LIBRARY_SEARCH_PATHS_QUOTED_FOR_TARGET_2)",
					"$(LIBRARY_SEARCH_PATHS_QUOTED_FOR_TARGET_3)",
					"$(LIBRARY_SEARCH_PATHS_QUOTED_FOR_TARGET_4)",
					"$(LIBRARY_SEARCH_PATHS_QUOTED_FOR_TARGET_5)",
					"$(LIBRARY_SEARCH_PATHS_QUOTED_FOR_TARGET_6)",
					"$(LIBRARY_SEARCH_PATHS_QUOTED_FOR_TARGET_7)",
					"$(LIBRARY_SEARCH_PATHS_QUOTED_FOR_TARGET_8)",
					"$(LIBRARY_SEARCH_PATHS_QUOTED_FOR_TARGET_9)",
					"$(LIBRARY_SEARCH_PATHS_QUOTED_FOR_TARGET_10)",
					"$(LIBRARY_SEARCH_PATHS_QUOTED_FOR_TARGET_11)",
					"$(LIBRARY_SEARCH_PATHS_QUOTED_FOR_TARGET_12)",
					"$(LIBRARY_SEARCH_PATHS_QUOTED_FOR_TARGET_13)",
					"$(LIBRARY_SEARCH_PATHS_QUOTED_FOR_TARGET_14)",
					"$(LIBRARY_SEARCH_PATHS_QUOTED_FOR_TARGET_15)",
					"$(LIBRARY_SEARCH_PATHS_QUOTED_FOR_TARGET_2)",
					"$(LIBRARY_SEARCH_PATHS_QUOTED_FOR_TARGET_3)",
					"$(LIBRARY_SEARCH_PATHS_QUOTED_FOR_TARGET_7)",
					"$(LIBRARY_SEARCH_PATHS_QUOTED_FOR_TARGET_8)",
					"$(LIBRARY_SEARCH_PATHS_QUOTED_FOR_TARGET_9)",
					"$(LIBRARY_SEARCH_PATHS_QUOTED_FOR_TARGET_10)",
					"$(LIBRARY_SEARCH_PATHS_QUOTED_FOR_TARGET_11)",
					"$(LIBRARY_SEARCH_PATHS_QUOTED_FOR_TARGET_12)",
					"$(LIBRARY_SEARCH_PATHS_QUOTED_FOR_TARGET_13)",
					"$(LIBRARY_SEARCH_PATHS_QUOTED_FOR_TARGET_16)",
					"$(LIBRARY_SEARCH_PATHS_QUOTED_FOR_TARGET_17)",
					"$(LIBRARY_SEARCH_PATHS_QUOTED_FOR_TARGET_18)",
					"$(LIBRARY_SEARCH_PATHS_QUOTED_FOR_TARGET_19)",
					"$(LIBRARY_SEARCH_PATHS_QUOTED_FOR_TARGET_20)",
					"$(LIBRARY_SEARCH_PATHS_QUOTED_FOR_TARGET_21)",
					"$(LIBRARY_SEARCH_PATHS_QUOTED_FOR_TARGET_22)",
					"$(LIBRARY_SEARCH_PATHS_QUOTED_FOR_TARGET_23)",
					"$(LIBRARY_SEARCH_PATHS_QUOTED_FOR_TARGET_24)",
					"$(LIBRARY_SEARCH_PATHS_QUOTED_FOR_TARGET_25)",
					"$(LIBRARY_SEARCH_PATHS_QUOTED_FOR_TARGET_26)",
					"$(LIBRARY_SEARCH_PATHS_QUOTED_FOR_TARGET_27)",
					"$(LIBRARY_SEARCH_PATHS_QUOTED_FOR_TARGET_28)",
					"$(LIBRARY_SEARCH_PATHS_QUOTED_FOR_TARGET_29)",
					"$(LIBRARY_SEARCH_PATHS_QUOTED_FOR_TARGET_30)",
					"$(LIBRARY_SEARCH_PATHS_QUOTED_FOR_TARGET_31)",
					"$(LIBRARY_SEARCH_PATHS_QUOTED_FOR_TARGET_32)",
					"$(LIBRARY_SEARCH_PATHS_QUOTED_FOR_TARGET_33)",
					"$(LIBRARY_SEARCH_PATHS_QUOTED_FOR_TARGET_34)",
					"$(LIBRARY_SEARCH_PATHS_QUOTED_FOR_TARGET_35)",
					"$(LIBRARY_SEARCH_PATHS_QUOTED_FOR_TARGET_36)",
					"$(LIBRARY_SEARCH_PATHS_QUOTED_FOR_TARGET_37)",
					"$(LIBRARY_SEARCH_PATHS_QUOTED_FOR_TARGET_38)",
					"$(LIBRARY_SEARCH_PATHS_QUOTED_FOR_TARGET_39)",
					"$(LIBRARY_SEARCH_PATHS_QUOTED_FOR_TARGET_40)",
					"$(LIBRARY_SEARCH_PATHS_QUOTED_FOR_TARGET_41)",
					"$(LIBRARY_SEARCH_PATHS_QUOTED_FOR_TARGET_42)",
					"$(LIBRARY_SEARCH_PATHS_QUOTED_FOR_TARGET_43)",
					"$(LIBRARY_SEARCH_PATHS_QUOTED_FOR_TARGET_44)",
					"$(LIBRARY_SEARCH_PATHS_QUOTED_FOR_TARGET_45)",
					"$(LIBRARY_SEARCH_PATHS_QUOTED_FOR_TARGET_46)",
					"$(LIBRARY_SEARCH_PATHS_QUOTED_FOR_TARGET_47)",
					"$(LIBRARY_SEARCH_PATHS_QUOTED_FOR_TARGET_48)",
					"$(LIBRARY_SEARCH_PATHS_QUOTED_FOR_TARGET_49)",
					"$(LIBRARY_SEARCH_PATHS_QUOTED_FOR_TARGET_50)",
					"$(LIBRARY_SEARCH_PATHS_QUOTED_FOR_TARGET_51)",
					"$(LIBRARY_SEARCH_PATHS_QUOTED_FOR_TARGET_52)",
				);
				PRODUCT_NAME = "$(TARGET_NAME)Debug";
				WRAPPER_EXTENSION = app;
			};
			name = Debug;
		};
		E4B69B610A3A1757003C02F2 /* Release */ = {
			isa = XCBuildConfiguration;
			buildSettings = {
				COMBINE_HIDPI_IMAGES = YES;
				COPY_PHASE_STRIP = YES;
				FRAMEWORK_SEARCH_PATHS = (
					"$(inherited)",
					"$(FRAMEWORK_SEARCH_PATHS_QUOTED_FOR_TARGET_1)",
				);
				FRAMEWORK_SEARCH_PATHS_QUOTED_FOR_TARGET_1 = "\"$(SRCROOT)/../../../of_v0.8.4_osx_release/libs/glut/lib/osx\"";
				GCC_GENERATE_DEBUGGING_SYMBOLS = YES;
				GCC_MODEL_TUNING = NONE;
				ICON = "$(ICON_NAME_RELEASE)";
				ICON_FILE = "$(ICON_FILE_PATH)$(ICON)";
				INFOPLIST_FILE = "openFrameworks-Info.plist";
				INSTALL_PATH = "$(HOME)/Applications";
				LIBRARY_SEARCH_PATHS = (
					"$(inherited)",
					"$(LIBRARY_SEARCH_PATHS_QUOTED_FOR_TARGET_1)",
					"$(LIBRARY_SEARCH_PATHS_QUOTED_FOR_TARGET_2)",
					"$(LIBRARY_SEARCH_PATHS_QUOTED_FOR_TARGET_3)",
					"$(LIBRARY_SEARCH_PATHS_QUOTED_FOR_TARGET_4)",
					"$(LIBRARY_SEARCH_PATHS_QUOTED_FOR_TARGET_5)",
					"$(LIBRARY_SEARCH_PATHS_QUOTED_FOR_TARGET_6)",
					"$(LIBRARY_SEARCH_PATHS_QUOTED_FOR_TARGET_7)",
					"$(LIBRARY_SEARCH_PATHS_QUOTED_FOR_TARGET_8)",
					"$(LIBRARY_SEARCH_PATHS_QUOTED_FOR_TARGET_9)",
					"$(LIBRARY_SEARCH_PATHS_QUOTED_FOR_TARGET_10)",
					"$(LIBRARY_SEARCH_PATHS_QUOTED_FOR_TARGET_11)",
					"$(LIBRARY_SEARCH_PATHS_QUOTED_FOR_TARGET_12)",
					"$(LIBRARY_SEARCH_PATHS_QUOTED_FOR_TARGET_13)",
					"$(LIBRARY_SEARCH_PATHS_QUOTED_FOR_TARGET_14)",
					"$(LIBRARY_SEARCH_PATHS_QUOTED_FOR_TARGET_15)",
					"$(LIBRARY_SEARCH_PATHS_QUOTED_FOR_TARGET_2)",
					"$(LIBRARY_SEARCH_PATHS_QUOTED_1)",
					"$(LIBRARY_SEARCH_PATHS_QUOTED_FOR_TARGET_3)",
					"$(LIBRARY_SEARCH_PATHS_QUOTED_FOR_TARGET_7)",
					"$(LIBRARY_SEARCH_PATHS_QUOTED_FOR_TARGET_8)",
					"$(LIBRARY_SEARCH_PATHS_QUOTED_FOR_TARGET_9)",
					"$(LIBRARY_SEARCH_PATHS_QUOTED_FOR_TARGET_10)",
					"$(LIBRARY_SEARCH_PATHS_QUOTED_FOR_TARGET_11)",
					"$(LIBRARY_SEARCH_PATHS_QUOTED_FOR_TARGET_12)",
					"$(LIBRARY_SEARCH_PATHS_QUOTED_FOR_TARGET_13)",
					"$(LIBRARY_SEARCH_PATHS_QUOTED_FOR_TARGET_16)",
					"$(LIBRARY_SEARCH_PATHS_QUOTED_FOR_TARGET_17)",
					"$(LIBRARY_SEARCH_PATHS_QUOTED_FOR_TARGET_18)",
					"$(LIBRARY_SEARCH_PATHS_QUOTED_FOR_TARGET_19)",
					"$(LIBRARY_SEARCH_PATHS_QUOTED_FOR_TARGET_20)",
					"$(LIBRARY_SEARCH_PATHS_QUOTED_FOR_TARGET_21)",
					"$(LIBRARY_SEARCH_PATHS_QUOTED_FOR_TARGET_22)",
					"$(LIBRARY_SEARCH_PATHS_QUOTED_FOR_TARGET_23)",
					"$(LIBRARY_SEARCH_PATHS_QUOTED_FOR_TARGET_24)",
					"$(LIBRARY_SEARCH_PATHS_QUOTED_FOR_TARGET_25)",
					"$(LIBRARY_SEARCH_PATHS_QUOTED_FOR_TARGET_26)",
					"$(LIBRARY_SEARCH_PATHS_QUOTED_FOR_TARGET_27)",
					"$(LIBRARY_SEARCH_PATHS_QUOTED_FOR_TARGET_28)",
					"$(LIBRARY_SEARCH_PATHS_QUOTED_FOR_TARGET_29)",
					"$(LIBRARY_SEARCH_PATHS_QUOTED_FOR_TARGET_30)",
					"$(LIBRARY_SEARCH_PATHS_QUOTED_FOR_TARGET_31)",
					"$(LIBRARY_SEARCH_PATHS_QUOTED_FOR_TARGET_32)",
					"$(LIBRARY_SEARCH_PATHS_QUOTED_FOR_TARGET_33)",
					"$(LIBRARY_SEARCH_PATHS_QUOTED_FOR_TARGET_34)",
					"$(LIBRARY_SEARCH_PATHS_QUOTED_FOR_TARGET_35)",
					"$(LIBRARY_SEARCH_PATHS_QUOTED_FOR_TARGET_36)",
					"$(LIBRARY_SEARCH_PATHS_QUOTED_FOR_TARGET_37)",
					"$(LIBRARY_SEARCH_PATHS_QUOTED_FOR_TARGET_38)",
					"$(LIBRARY_SEARCH_PATHS_QUOTED_FOR_TARGET_39)",
					"$(LIBRARY_SEARCH_PATHS_QUOTED_FOR_TARGET_40)",
					"$(LIBRARY_SEARCH_PATHS_QUOTED_FOR_TARGET_41)",
					"$(LIBRARY_SEARCH_PATHS_QUOTED_FOR_TARGET_42)",
					"$(LIBRARY_SEARCH_PATHS_QUOTED_FOR_TARGET_43)",
					"$(LIBRARY_SEARCH_PATHS_QUOTED_FOR_TARGET_44)",
					"$(LIBRARY_SEARCH_PATHS_QUOTED_FOR_TARGET_45)",
					"$(LIBRARY_SEARCH_PATHS_QUOTED_FOR_TARGET_46)",
					"$(LIBRARY_SEARCH_PATHS_QUOTED_FOR_TARGET_47)",
					"$(LIBRARY_SEARCH_PATHS_QUOTED_FOR_TARGET_48)",
					"$(LIBRARY_SEARCH_PATHS_QUOTED_FOR_TARGET_49)",
					"$(LIBRARY_SEARCH_PATHS_QUOTED_FOR_TARGET_50)",
					"$(LIBRARY_SEARCH_PATHS_QUOTED_FOR_TARGET_51)",
				);
				PRODUCT_NAME = "$(TARGET_NAME)";
				WRAPPER_EXTENSION = app;
			};
			name = Release;
		};
/* End XCBuildConfiguration section */

/* Begin XCConfigurationList section */
		E4B69B4D0A3A1720003C02F2 /* Build configuration list for PBXProject "Main" */ = {
			isa = XCConfigurationList;
			buildConfigurations = (
				E4B69B4E0A3A1720003C02F2 /* Debug */,
				E4B69B4F0A3A1720003C02F2 /* Release */,
			);
			defaultConfigurationIsVisible = 0;
			defaultConfigurationName = Release;
		};
		E4B69B5F0A3A1757003C02F2 /* Build configuration list for PBXNativeTarget "Main" */ = {
			isa = XCConfigurationList;
			buildConfigurations = (
				E4B69B600A3A1757003C02F2 /* Debug */,
				E4B69B610A3A1757003C02F2 /* Release */,
			);
			defaultConfigurationIsVisible = 0;
			defaultConfigurationName = Release;
		};
/* End XCConfigurationList section */
	};
	rootObject = E4B69B4C0A3A1720003C02F2 /* Project object */;
}
